{
  "version": 4,
  "terraform_version": "1.13.4",
  "serial": 3229,
  "lineage": "e68a10f2-99cf-f06b-cbab-ef6396e3a9dd",
  "outputs": {
    "alb_dns_name": {
      "value": "myapp-alb-dev-202216256.us-east-1.elb.amazonaws.com",
      "type": "string"
    },
    "backend_ecr_repo": {
      "value": "365165252715.dkr.ecr.us-east-1.amazonaws.com/myapp-backend-dev",
      "type": "string"
    },
    "cognito_app_client_id": {
      "value": "3ckru0vki55jneqf9qqmb58gp8",
      "type": "string"
    },
    "cognito_region": {
      "value": "us-east-1",
      "type": "string"
    },
    "cognito_user_pool_id": {
      "value": "us-east-1_1BsjcX1w7",
      "type": "string"
    },
    "frontend_ecr_repo": {
      "value": "365165252715.dkr.ecr.us-east-1.amazonaws.com/myapp-frontend-dev",
      "type": "string"
    },
    "rds_endpoint": {
      "value": "myapp-db-dev.ctqmzvoxyqek.us-east-1.rds.amazonaws.com",
      "type": "string"
    },
    "s3_bucket": {
      "value": "myapp-media-dev-2a463a00",
      "type": "string"
    }
  },
  "resources": [
    {
      "mode": "data",
      "type": "archive_file",
      "name": "lambda_zip",
      "provider": "provider[\"registry.terraform.io/hashicorp/archive\"]",
      "instances": [
        {
          "schema_version": 0,
          "attributes": {
            "exclude_symlink_directories": null,
            "excludes": null,
            "id": "97bd8219282beb7e4ff930d78932f7e00a585e09",
            "output_base64sha256": "xY8UvkDmKBA1Rpt3zGNRjmcsoDgoc7DXynXdDfeXIp4=",
            "output_base64sha512": "SE6JRplhFpzhxygddHbNtFCA/6SXMlHZXcGtMB1EBIpyE7xPGrlmEBehDarwTJRVEToNET6+by/bjH83StVdaQ==",
            "output_file_mode": null,
            "output_md5": "d5d773907dddf8a3208e493543afb588",
            "output_path": "./lambda_package.zip",
            "output_sha": "97bd8219282beb7e4ff930d78932f7e00a585e09",
            "output_sha256": "c58f14be40e6281035469b77cc63518e672ca0382873b0d7ca75dd0df797229e",
            "output_sha512": "484e89469961169ce1c7281d7476cdb45080ffa4973251d95dc1ad301d44048a7213bc4f1ab9661017a10daaf04c9455113a0d113ebe6f2fdb8c7f374ad55d69",
            "output_size": 1061,
            "source": [],
            "source_content": null,
            "source_content_filename": null,
            "source_dir": "./lambda_code",
            "source_file": null,
            "type": "zip"
          },
          "sensitive_attributes": [],
          "identity_schema_version": 0
        }
      ]
    },
    {
      "mode": "data",
      "type": "aws_iam_role",
      "name": "lab_role",
      "provider": "provider[\"registry.terraform.io/hashicorp/aws\"]",
      "instances": [
        {
          "schema_version": 0,
          "attributes": {
            "arn": "arn:aws:iam::365165252715:role/LabRole",
            "assume_role_policy": "{\"Version\":\"2012-10-17\",\"Statement\":[{\"Effect\":\"Allow\",\"Principal\":{\"AWS\":\"arn:aws:iam::365165252715:role/LabRole\",\"Service\":[\"glue.amazonaws.com\",\"ec2.amazonaws.com\",\"credentials.iot.amazonaws.com\",\"cloudtrail.amazonaws.com\",\"eks.amazonaws.com\",\"iotevents.amazonaws.com\",\"elasticfilesystem.amazonaws.com\",\"sqs.amazonaws.com\",\"rekognition.amazonaws.com\",\"logs.amazonaws.com\",\"codecommit.amazonaws.com\",\"athena.amazonaws.com\",\"elasticbeanstalk.amazonaws.com\",\"lambda.amazonaws.com\",\"iot.amazonaws.com\",\"codewhisperer.amazonaws.com\",\"rds.amazonaws.com\",\"backup.amazonaws.com\",\"servicecatalog.amazonaws.com\",\"resource-groups.amazonaws.com\",\"scheduler.amazonaws.com\",\"cloud9.amazonaws.com\",\"batch.amazonaws.com\",\"ecs-tasks.amazonaws.com\",\"autoscaling.amazonaws.com\",\"pipes.amazonaws.com\",\"cognito-idp.amazonaws.com\",\"s3.amazonaws.com\",\"eks-fargate-pods.amazonaws.com\",\"states.amazonaws.com\",\"deepracer.amazonaws.com\",\"kinesisanalytics.amazonaws.com\",\"forecast.amazonaws.com\",\"ec2.application-autoscaling.amazonaws.com\",\"elasticmapreduce.amazonaws.com\",\"events.amazonaws.com\",\"apigateway.amazonaws.com\",\"firehose.amazonaws.com\",\"ecs.amazonaws.com\",\"dynamodb.amazonaws.com\",\"redshift.amazonaws.com\",\"ssm.amazonaws.com\",\"application-autoscaling.amazonaws.com\",\"codedeploy.amazonaws.com\",\"cloudformation.amazonaws.com\",\"elasticloadbalancing.amazonaws.com\",\"kinesis.amazonaws.com\",\"sns.amazonaws.com\",\"iotanalytics.amazonaws.com\",\"kms.amazonaws.com\",\"sagemaker.amazonaws.com\",\"secretsmanager.amazonaws.com\",\"databrew.amazonaws.com\"]},\"Action\":\"sts:AssumeRole\"}]}",
            "create_date": "2025-10-26T19:53:51Z",
            "description": "",
            "id": "LabRole",
            "max_session_duration": 3600,
            "name": "LabRole",
            "path": "/",
            "permissions_boundary": "",
            "role_last_used": [
              {
                "last_used_date": "2025-11-21T20:22:34Z",
                "region": "us-east-1"
              }
            ],
            "tags": {
              "cloudlab": "c184585a4782292l12317113t1w365165252715"
            },
            "unique_id": "AROAVKBMLSBVTWUTH6BVT"
          },
          "sensitive_attributes": [],
          "identity_schema_version": 0
        }
      ]
    },
    {
      "mode": "managed",
      "type": "aws_cognito_user_pool",
      "name": "user_pool",
      "provider": "provider[\"registry.terraform.io/hashicorp/aws\"]",
      "instances": [
        {
          "schema_version": 0,
          "attributes": {
            "account_recovery_setting": [
              {
                "recovery_mechanism": [
                  {
                    "name": "verified_email",
                    "priority": 1
                  },
                  {
                    "name": "verified_phone_number",
                    "priority": 2
                  }
                ]
              }
            ],
            "admin_create_user_config": [
              {
                "allow_admin_create_user_only": false,
                "invite_message_template": []
              }
            ],
            "alias_attributes": null,
            "arn": "arn:aws:cognito-idp:us-east-1:365165252715:userpool/us-east-1_1BsjcX1w7",
            "auto_verified_attributes": [
              "email"
            ],
            "creation_date": "2025-11-21T20:08:46Z",
            "custom_domain": "",
            "deletion_protection": "INACTIVE",
            "device_configuration": [],
            "domain": "",
            "email_configuration": [
              {
                "configuration_set": "",
                "email_sending_account": "COGNITO_DEFAULT",
                "from_email_address": "",
                "reply_to_email_address": "",
                "source_arn": ""
              }
            ],
            "email_mfa_configuration": [],
            "email_verification_message": "",
            "email_verification_subject": "",
            "endpoint": "cognito-idp.us-east-1.amazonaws.com/us-east-1_1BsjcX1w7",
            "estimated_number_of_users": 0,
            "id": "us-east-1_1BsjcX1w7",
            "lambda_config": [],
            "last_modified_date": "2025-11-21T20:08:46Z",
            "mfa_configuration": "OFF",
            "name": "myapp-user-pool-dev",
            "password_policy": [
              {
                "minimum_length": 8,
                "password_history_size": 0,
                "require_lowercase": true,
                "require_numbers": true,
                "require_symbols": true,
                "require_uppercase": true,
                "temporary_password_validity_days": 7
              }
            ],
            "region": "us-east-1",
            "schema": [
              {
                "attribute_data_type": "String",
                "developer_only_attribute": false,
                "mutable": true,
                "name": "email",
                "number_attribute_constraints": [],
                "required": true,
                "string_attribute_constraints": []
              }
            ],
            "sign_in_policy": [
              {
                "allowed_first_auth_factors": [
                  "PASSWORD"
                ]
              }
            ],
            "sms_authentication_message": "",
            "sms_configuration": [],
            "sms_verification_message": "",
            "software_token_mfa_configuration": [],
            "tags": {
              "Name": "myapp-user-pool-dev"
            },
            "tags_all": {
              "Name": "myapp-user-pool-dev"
            },
            "user_attribute_update_settings": [],
            "user_pool_add_ons": [],
            "user_pool_tier": "ESSENTIALS",
            "username_attributes": [],
            "username_configuration": [],
            "verification_message_template": [
              {
                "default_email_option": "CONFIRM_WITH_CODE",
                "email_message": "",
                "email_message_by_link": "",
                "email_subject": "",
                "email_subject_by_link": "",
                "sms_message": ""
              }
            ],
            "web_authn_configuration": []
          },
          "sensitive_attributes": [],
          "identity_schema_version": 0,
          "private": "bnVsbA==",
          "create_before_destroy": true
        }
      ]
    },
    {
      "mode": "managed",
      "type": "aws_cognito_user_pool_client",
      "name": "app_client",
      "provider": "provider[\"registry.terraform.io/hashicorp/aws\"]",
      "instances": [
        {
          "schema_version": 0,
          "attributes": {
            "access_token_validity": 60,
            "allowed_oauth_flows": [],
            "allowed_oauth_flows_user_pool_client": false,
            "allowed_oauth_scopes": [],
            "analytics_configuration": [],
            "auth_session_validity": 3,
            "callback_urls": [],
            "client_secret": "",
            "default_redirect_uri": "",
            "enable_propagate_additional_user_context_data": false,
            "enable_token_revocation": true,
            "explicit_auth_flows": [
              "ALLOW_REFRESH_TOKEN_AUTH",
              "ALLOW_USER_PASSWORD_AUTH",
              "ALLOW_USER_SRP_AUTH"
            ],
            "generate_secret": false,
            "id": "3ckru0vki55jneqf9qqmb58gp8",
            "id_token_validity": 60,
            "logout_urls": [],
            "name": "myapp-client-dev",
            "prevent_user_existence_errors": "ENABLED",
            "read_attributes": [],
            "refresh_token_rotation": [],
            "refresh_token_validity": 30,
            "region": "us-east-1",
            "supported_identity_providers": [],
            "token_validity_units": [
              {
                "access_token": "minutes",
                "id_token": "minutes",
                "refresh_token": "days"
              }
            ],
            "user_pool_id": "us-east-1_1BsjcX1w7",
            "write_attributes": []
          },
          "sensitive_attributes": [
            [
              {
                "type": "get_attr",
                "value": "client_secret"
              }
            ]
          ],
          "identity_schema_version": 0,
          "dependencies": [
            "aws_cognito_user_pool.user_pool"
          ],
          "create_before_destroy": true
        }
      ]
    },
    {
      "mode": "managed",
      "type": "aws_db_instance",
      "name": "postgres",
      "provider": "provider[\"registry.terraform.io/hashicorp/aws\"]",
      "instances": [
        {
          "schema_version": 2,
          "attributes": {
            "address": "myapp-db-dev.ctqmzvoxyqek.us-east-1.rds.amazonaws.com",
            "allocated_storage": 20,
            "allow_major_version_upgrade": null,
            "apply_immediately": false,
            "arn": "arn:aws:rds:us-east-1:365165252715:db:myapp-db-dev",
            "auto_minor_version_upgrade": true,
            "availability_zone": "us-east-1b",
            "backup_retention_period": 0,
            "backup_target": "region",
            "backup_window": "07:18-07:48",
            "blue_green_update": [],
            "ca_cert_identifier": "rds-ca-rsa2048-g1",
            "character_set_name": "",
            "copy_tags_to_snapshot": false,
            "custom_iam_instance_profile": "",
            "customer_owned_ip_enabled": false,
            "database_insights_mode": "standard",
            "db_name": "myappdb",
            "db_subnet_group_name": "myapp-db-subnet-dev",
            "dedicated_log_volume": false,
            "delete_automated_backups": true,
            "deletion_protection": false,
            "domain": "",
            "domain_auth_secret_arn": "",
            "domain_dns_ips": null,
            "domain_fqdn": "",
            "domain_iam_role_name": "",
            "domain_ou": "",
            "enabled_cloudwatch_logs_exports": null,
            "endpoint": "myapp-db-dev.ctqmzvoxyqek.us-east-1.rds.amazonaws.com:5432",
            "engine": "postgres",
            "engine_lifecycle_support": "open-source-rds-extended-support",
            "engine_version": "15",
            "engine_version_actual": "15.14",
            "final_snapshot_identifier": null,
            "hosted_zone_id": "Z2R2ITUGPM61AM",
            "iam_database_authentication_enabled": false,
            "id": "db-JUQ7Q6W3IB25PPHQXADIQYRXHI",
            "identifier": "myapp-db-dev",
            "identifier_prefix": "",
            "instance_class": "db.t3.micro",
            "iops": 0,
            "kms_key_id": "",
            "latest_restorable_time": "",
            "license_model": "postgresql-license",
            "listener_endpoint": [],
            "maintenance_window": "fri:09:50-fri:10:20",
            "manage_master_user_password": null,
            "master_user_secret": [],
            "master_user_secret_kms_key_id": null,
            "max_allocated_storage": 0,
            "monitoring_interval": 0,
            "monitoring_role_arn": "",
            "multi_az": false,
            "nchar_character_set_name": "",
            "network_type": "IPV4",
            "option_group_name": "default:postgres-15",
            "parameter_group_name": "default.postgres15",
            "password": "postgres123",
            "password_wo": null,
            "password_wo_version": null,
            "performance_insights_enabled": false,
            "performance_insights_kms_key_id": "",
            "performance_insights_retention_period": 0,
            "port": 5432,
            "publicly_accessible": false,
            "region": "us-east-1",
            "replica_mode": "",
            "replicas": [],
            "replicate_source_db": "",
            "resource_id": "db-JUQ7Q6W3IB25PPHQXADIQYRXHI",
            "restore_to_point_in_time": [],
            "s3_import": [],
            "skip_final_snapshot": true,
            "snapshot_identifier": null,
            "status": "available",
            "storage_encrypted": false,
            "storage_throughput": 0,
            "storage_type": "gp2",
            "tags": null,
            "tags_all": {},
            "timeouts": null,
            "timezone": "",
            "upgrade_storage_config": null,
            "username": "postgres",
            "vpc_security_group_ids": [
              "sg-070b484d7e10d3d70"
            ]
          },
          "sensitive_attributes": [
            [
              {
                "type": "get_attr",
                "value": "password"
              }
            ],
            [
              {
                "type": "get_attr",
                "value": "password_wo"
              }
            ]
          ],
          "identity_schema_version": 0,
          "private": "eyJlMmJmYjczMC1lY2FhLTExZTYtOGY4OC0zNDM2M2JjN2M0YzAiOnsiY3JlYXRlIjozMDAwMDAwMDAwMDAwLCJkZWxldGUiOjM2MDAwMDAwMDAwMDAsInVwZGF0ZSI6NDgwMDAwMDAwMDAwMH0sInNjaGVtYV92ZXJzaW9uIjoiMiJ9",
          "dependencies": [
            "aws_db_subnet_group.rds_subnet_group",
            "aws_security_group.rds_sg",
            "module.vpc.aws_subnet.private",
            "module.vpc.aws_vpc.this",
            "module.vpc.aws_vpc_ipv4_cidr_block_association.this"
          ],
          "create_before_destroy": true
        }
      ]
    },
    {
      "mode": "managed",
      "type": "aws_db_subnet_group",
      "name": "rds_subnet_group",
      "provider": "provider[\"registry.terraform.io/hashicorp/aws\"]",
      "instances": [
        {
          "schema_version": 0,
          "attributes": {
            "arn": "arn:aws:rds:us-east-1:365165252715:subgrp:myapp-db-subnet-dev",
            "description": "Managed by Terraform",
            "id": "myapp-db-subnet-dev",
            "name": "myapp-db-subnet-dev",
            "name_prefix": "",
            "region": "us-east-1",
            "subnet_ids": [
              "subnet-0727beb438b5ac0fd",
              "subnet-0f6243b6c128148e5"
            ],
            "supported_network_types": [
              "IPV4"
            ],
            "tags": null,
            "tags_all": {},
            "vpc_id": "vpc-04d9251bfeebfea3a"
          },
          "sensitive_attributes": [],
          "identity_schema_version": 0,
          "private": "bnVsbA==",
          "dependencies": [
            "module.vpc.aws_subnet.private",
            "module.vpc.aws_vpc.this",
            "module.vpc.aws_vpc_ipv4_cidr_block_association.this"
          ],
          "create_before_destroy": true
        }
      ]
    },
    {
      "mode": "managed",
      "type": "aws_ecr_repository",
      "name": "backend",
      "provider": "provider[\"registry.terraform.io/hashicorp/aws\"]",
      "instances": [
        {
          "schema_version": 0,
          "attributes": {
            "arn": "arn:aws:ecr:us-east-1:365165252715:repository/myapp-backend-dev",
            "encryption_configuration": [
              {
                "encryption_type": "AES256",
                "kms_key": ""
              }
            ],
            "force_delete": true,
            "id": "myapp-backend-dev",
            "image_scanning_configuration": [
              {
                "scan_on_push": true
              }
            ],
            "image_tag_mutability": "MUTABLE",
            "image_tag_mutability_exclusion_filter": [],
            "name": "myapp-backend-dev",
            "region": "us-east-1",
            "registry_id": "365165252715",
            "repository_url": "365165252715.dkr.ecr.us-east-1.amazonaws.com/myapp-backend-dev",
            "tags": {},
            "tags_all": {},
            "timeouts": null
          },
          "sensitive_attributes": [],
          "identity_schema_version": 0,
          "identity": {
            "account_id": "365165252715",
            "name": "myapp-backend-dev",
            "region": "us-east-1"
          },
          "private": "eyJlMmJmYjczMC1lY2FhLTExZTYtOGY4OC0zNDM2M2JjN2M0YzAiOnsiZGVsZXRlIjoxMjAwMDAwMDAwMDAwfX0=",
          "create_before_destroy": true
        }
      ]
    },
    {
      "mode": "managed",
      "type": "aws_ecr_repository",
      "name": "frontend",
      "provider": "provider[\"registry.terraform.io/hashicorp/aws\"]",
      "instances": [
        {
          "schema_version": 0,
          "attributes": {
            "arn": "arn:aws:ecr:us-east-1:365165252715:repository/myapp-frontend-dev",
            "encryption_configuration": [
              {
                "encryption_type": "AES256",
                "kms_key": ""
              }
            ],
            "force_delete": true,
            "id": "myapp-frontend-dev",
            "image_scanning_configuration": [
              {
                "scan_on_push": true
              }
            ],
            "image_tag_mutability": "MUTABLE",
            "image_tag_mutability_exclusion_filter": [],
            "name": "myapp-frontend-dev",
            "region": "us-east-1",
            "registry_id": "365165252715",
            "repository_url": "365165252715.dkr.ecr.us-east-1.amazonaws.com/myapp-frontend-dev",
            "tags": {},
            "tags_all": {},
            "timeouts": null
          },
          "sensitive_attributes": [],
          "identity_schema_version": 0,
          "identity": {
            "account_id": "365165252715",
            "name": "myapp-frontend-dev",
            "region": "us-east-1"
          },
          "private": "eyJlMmJmYjczMC1lY2FhLTExZTYtOGY4OC0zNDM2M2JjN2M0YzAiOnsiZGVsZXRlIjoxMjAwMDAwMDAwMDAwfX0=",
          "create_before_destroy": true
        }
      ]
    },
    {
      "mode": "managed",
      "type": "aws_lambda_function",
      "name": "thumbnail_generator",
      "provider": "provider[\"registry.terraform.io/hashicorp/aws\"]",
      "instances": [
        {
          "schema_version": 0,
          "attributes": {
            "architectures": [
              "x86_64"
            ],
            "arn": "arn:aws:lambda:us-east-1:365165252715:function:myapp-thumbnail-generator-dev",
            "code_sha256": "xY8UvkDmKBA1Rpt3zGNRjmcsoDgoc7DXynXdDfeXIp4=",
            "code_signing_config_arn": "",
            "dead_letter_config": [],
            "description": "",
            "environment": [],
            "ephemeral_storage": [
              {
                "size": 512
              }
            ],
            "file_system_config": [],
            "filename": "./lambda_package.zip",
            "function_name": "myapp-thumbnail-generator-dev",
            "handler": "lambda_function.lambda_handler",
            "id": "myapp-thumbnail-generator-dev",
            "image_config": [],
            "image_uri": "",
            "invoke_arn": "arn:aws:apigateway:us-east-1:lambda:path/2015-03-31/functions/arn:aws:lambda:us-east-1:365165252715:function:myapp-thumbnail-generator-dev/invocations",
            "kms_key_arn": "",
            "last_modified": "2025-11-21T20:12:30.349+0000",
            "layers": [
              "arn:aws:lambda:us-east-1:770693421928:layer:Klayers-p311-Pillow:10"
            ],
            "logging_config": [
              {
                "application_log_level": "",
                "log_format": "Text",
                "log_group": "/aws/lambda/myapp-thumbnail-generator-dev",
                "system_log_level": ""
              }
            ],
            "memory_size": 256,
            "package_type": "Zip",
            "publish": false,
            "qualified_arn": "arn:aws:lambda:us-east-1:365165252715:function:myapp-thumbnail-generator-dev:$LATEST",
            "qualified_invoke_arn": "arn:aws:apigateway:us-east-1:lambda:path/2015-03-31/functions/arn:aws:lambda:us-east-1:365165252715:function:myapp-thumbnail-generator-dev:$LATEST/invocations",
            "region": "us-east-1",
            "replace_security_groups_on_destroy": null,
            "replacement_security_group_ids": null,
            "reserved_concurrent_executions": -1,
            "role": "arn:aws:iam::365165252715:role/LabRole",
            "runtime": "python3.11",
            "s3_bucket": null,
            "s3_key": null,
            "s3_object_version": null,
            "signing_job_arn": "",
            "signing_profile_version_arn": "",
            "skip_destroy": false,
            "snap_start": [],
            "source_code_hash": "xY8UvkDmKBA1Rpt3zGNRjmcsoDgoc7DXynXdDfeXIp4=",
            "source_code_size": 1061,
            "source_kms_key_arn": "",
            "tags": null,
            "tags_all": {},
            "timeout": 30,
            "timeouts": null,
            "tracing_config": [
              {
                "mode": "PassThrough"
              }
            ],
            "version": "$LATEST",
            "vpc_config": []
          },
          "sensitive_attributes": [],
          "identity_schema_version": 0,
          "identity": {
            "account_id": "365165252715",
            "function_name": "myapp-thumbnail-generator-dev",
            "region": "us-east-1"
          },
          "private": "eyJlMmJmYjczMC1lY2FhLTExZTYtOGY4OC0zNDM2M2JjN2M0YzAiOnsiY3JlYXRlIjo2MDAwMDAwMDAwMDAsImRlbGV0ZSI6NjAwMDAwMDAwMDAwLCJ1cGRhdGUiOjYwMDAwMDAwMDAwMH19",
          "dependencies": [
            "data.archive_file.lambda_zip"
          ]
        }
      ]
    },
    {
      "mode": "managed",
      "type": "aws_lambda_permission",
      "name": "allow_s3",
      "provider": "provider[\"registry.terraform.io/hashicorp/aws\"]",
      "instances": [
        {
          "schema_version": 0,
          "attributes": {
            "action": "lambda:InvokeFunction",
            "event_source_token": null,
            "function_name": "arn:aws:lambda:us-east-1:365165252715:function:myapp-thumbnail-generator-dev",
            "function_url_auth_type": null,
            "id": "AllowExecutionFromS3",
            "principal": "s3.amazonaws.com",
            "principal_org_id": null,
            "qualifier": "",
            "region": "us-east-1",
            "source_account": null,
            "source_arn": "arn:aws:s3:::myapp-media-dev-2a463a00",
            "statement_id": "AllowExecutionFromS3",
            "statement_id_prefix": ""
          },
          "sensitive_attributes": [],
          "identity_schema_version": 0,
          "identity": {
            "account_id": "365165252715",
            "function_name": "arn:aws:lambda:us-east-1:365165252715:function:myapp-thumbnail-generator-dev",
            "qualifier": null,
            "region": "us-east-1",
            "statement_id": "AllowExecutionFromS3"
          },
          "private": "bnVsbA==",
          "dependencies": [
            "aws_lambda_function.thumbnail_generator",
            "aws_s3_bucket.media",
            "data.archive_file.lambda_zip",
            "random_id.bucket_id"
          ]
        }
      ]
    },
    {
      "mode": "managed",
      "type": "aws_s3_bucket",
      "name": "media",
      "provider": "provider[\"registry.terraform.io/hashicorp/aws\"]",
      "instances": [
        {
          "schema_version": 0,
          "attributes": {
            "acceleration_status": "",
            "acl": null,
            "arn": "arn:aws:s3:::myapp-media-dev-2a463a00",
            "bucket": "myapp-media-dev-2a463a00",
            "bucket_domain_name": "myapp-media-dev-2a463a00.s3.amazonaws.com",
            "bucket_prefix": "",
            "bucket_region": "us-east-1",
            "bucket_regional_domain_name": "myapp-media-dev-2a463a00.s3.us-east-1.amazonaws.com",
            "cors_rule": [],
            "force_destroy": true,
            "grant": [
              {
                "id": "497651ea1c3da7bc898fba4ca12638255499b5b33ddd1cc4767c6812e32b76fa",
                "permissions": [
                  "FULL_CONTROL"
                ],
                "type": "CanonicalUser",
                "uri": ""
              }
            ],
            "hosted_zone_id": "Z3AQBSTGFYJSTF",
            "id": "myapp-media-dev-2a463a00",
            "lifecycle_rule": [],
            "logging": [],
            "object_lock_configuration": [],
            "object_lock_enabled": false,
            "policy": "",
            "region": "us-east-1",
            "replication_configuration": [],
            "request_payer": "BucketOwner",
            "server_side_encryption_configuration": [
              {
                "rule": [
                  {
                    "apply_server_side_encryption_by_default": [
                      {
                        "kms_master_key_id": "",
                        "sse_algorithm": "AES256"
                      }
                    ],
                    "bucket_key_enabled": false
                  }
                ]
              }
            ],
            "tags": {
              "Environment": "dev",
              "Name": "myapp-media"
            },
            "tags_all": {
              "Environment": "dev",
              "Name": "myapp-media"
            },
            "timeouts": null,
            "versioning": [
              {
                "enabled": false,
                "mfa_delete": false
              }
            ],
            "website": [],
            "website_domain": null,
            "website_endpoint": null
          },
          "sensitive_attributes": [],
          "identity_schema_version": 0,
          "identity": {
            "account_id": "365165252715",
            "bucket": "myapp-media-dev-2a463a00",
            "region": "us-east-1"
          },
          "private": "eyJlMmJmYjczMC1lY2FhLTExZTYtOGY4OC0zNDM2M2JjN2M0YzAiOnsiY3JlYXRlIjoxMjAwMDAwMDAwMDAwLCJkZWxldGUiOjM2MDAwMDAwMDAwMDAsInJlYWQiOjEyMDAwMDAwMDAwMDAsInVwZGF0ZSI6MTIwMDAwMDAwMDAwMH19",
          "dependencies": [
            "random_id.bucket_id"
          ],
          "create_before_destroy": true
        }
      ]
    },
    {
      "mode": "managed",
      "type": "aws_s3_bucket_lifecycle_configuration",
      "name": "media_lifecycle",
      "provider": "provider[\"registry.terraform.io/hashicorp/aws\"]",
      "instances": [
        {
          "schema_version": 1,
          "attributes": {
            "bucket": "myapp-media-dev-2a463a00",
            "expected_bucket_owner": "",
            "id": "myapp-media-dev-2a463a00",
            "region": "us-east-1",
            "rule": [
              {
                "abort_incomplete_multipart_upload": [],
                "expiration": [
                  {
                    "date": null,
                    "days": 365,
                    "expired_object_delete_marker": false
                  }
                ],
                "filter": [],
                "id": "expire-media",
                "noncurrent_version_expiration": [],
                "noncurrent_version_transition": [],
                "prefix": "",
                "status": "Enabled",
                "transition": []
              }
            ],
            "timeouts": null,
            "transition_default_minimum_object_size": "all_storage_classes_128K"
          },
          "sensitive_attributes": [],
          "identity_schema_version": 0,
          "dependencies": [
            "aws_s3_bucket.media",
            "random_id.bucket_id"
          ]
        }
      ]
    },
    {
      "mode": "managed",
      "type": "aws_s3_bucket_notification",
      "name": "s3_trigger",
      "provider": "provider[\"registry.terraform.io/hashicorp/aws\"]",
      "instances": [
        {
          "schema_version": 0,
          "attributes": {
            "bucket": "myapp-media-dev-2a463a00",
            "eventbridge": false,
            "id": "myapp-media-dev-2a463a00",
            "lambda_function": [
              {
                "events": [
                  "s3:ObjectCreated:*"
                ],
                "filter_prefix": "",
                "filter_suffix": "",
                "id": "tf-s3-lambda-20251121201236745400000001",
                "lambda_function_arn": "arn:aws:lambda:us-east-1:365165252715:function:myapp-thumbnail-generator-dev"
              }
            ],
            "queue": [],
            "region": "us-east-1",
            "topic": []
          },
          "sensitive_attributes": [],
          "identity_schema_version": 0,
          "identity": {
            "account_id": "365165252715",
            "bucket": "myapp-media-dev-2a463a00",
            "region": "us-east-1"
          },
          "private": "bnVsbA==",
          "dependencies": [
            "aws_lambda_function.thumbnail_generator",
            "aws_lambda_permission.allow_s3",
            "aws_s3_bucket.media",
            "data.archive_file.lambda_zip",
            "random_id.bucket_id"
          ]
        }
      ]
    },
    {
      "mode": "managed",
      "type": "aws_s3_bucket_ownership_controls",
      "name": "media_ownership",
      "provider": "provider[\"registry.terraform.io/hashicorp/aws\"]",
      "instances": [
        {
          "schema_version": 0,
          "attributes": {
            "bucket": "myapp-media-dev-2a463a00",
            "id": "myapp-media-dev-2a463a00",
            "region": "us-east-1",
            "rule": [
              {
                "object_ownership": "BucketOwnerEnforced"
              }
            ]
          },
          "sensitive_attributes": [],
          "identity_schema_version": 0,
          "identity": {
            "account_id": "365165252715",
            "bucket": "myapp-media-dev-2a463a00",
            "region": "us-east-1"
          },
          "private": "bnVsbA==",
          "dependencies": [
            "aws_s3_bucket.media",
            "random_id.bucket_id"
          ]
        }
      ]
    },
    {
      "mode": "managed",
      "type": "aws_s3_bucket_public_access_block",
      "name": "media_public_access",
      "provider": "provider[\"registry.terraform.io/hashicorp/aws\"]",
      "instances": [
        {
          "schema_version": 0,
          "attributes": {
            "block_public_acls": true,
            "block_public_policy": true,
            "bucket": "myapp-media-dev-2a463a00",
            "id": "myapp-media-dev-2a463a00",
            "ignore_public_acls": true,
            "region": "us-east-1",
            "restrict_public_buckets": true,
            "skip_destroy": null
          },
          "sensitive_attributes": [],
          "identity_schema_version": 0,
          "identity": {
            "account_id": "365165252715",
            "bucket": "myapp-media-dev-2a463a00",
            "region": "us-east-1"
          },
          "private": "bnVsbA==",
          "dependencies": [
            "aws_s3_bucket.media",
            "random_id.bucket_id"
          ]
        }
      ]
    },
    {
      "mode": "managed",
      "type": "aws_s3_bucket_versioning",
      "name": "media_versioning",
      "provider": "provider[\"registry.terraform.io/hashicorp/aws\"]",
      "instances": [
        {
          "schema_version": 0,
          "attributes": {
            "bucket": "myapp-media-dev-2a463a00",
            "expected_bucket_owner": "",
            "id": "myapp-media-dev-2a463a00",
            "mfa": null,
            "region": "us-east-1",
            "versioning_configuration": [
              {
                "mfa_delete": "",
                "status": "Enabled"
              }
            ]
          },
          "sensitive_attributes": [],
          "identity_schema_version": 0,
          "identity": {
            "account_id": "365165252715",
            "bucket": "myapp-media-dev-2a463a00",
            "expected_bucket_owner": null,
            "region": "us-east-1"
          },
          "private": "bnVsbA==",
          "dependencies": [
            "aws_s3_bucket.media",
            "random_id.bucket_id"
          ]
        }
      ]
    },
    {
      "mode": "managed",
      "type": "aws_security_group",
      "name": "alb_sg",
      "provider": "provider[\"registry.terraform.io/hashicorp/aws\"]",
      "instances": [
        {
          "schema_version": 1,
          "attributes": {
            "arn": "arn:aws:ec2:us-east-1:365165252715:security-group/sg-0c145fbe9a9a4326a",
            "description": "ALB SG: inbound from Internet, outbound to ECS",
            "egress": [
              {
                "cidr_blocks": [],
                "description": "Allow ALB to reach ECS backend",
                "from_port": 8080,
                "ipv6_cidr_blocks": [],
                "prefix_list_ids": [],
                "protocol": "tcp",
                "security_groups": [
                  "sg-025c0939408bcf376"
                ],
                "self": false,
                "to_port": 8080
              },
              {
                "cidr_blocks": [],
                "description": "Allow ALB to reach ECS frontend",
                "from_port": 80,
                "ipv6_cidr_blocks": [],
                "prefix_list_ids": [],
                "protocol": "tcp",
                "security_groups": [
                  "sg-025c0939408bcf376"
                ],
                "self": false,
                "to_port": 80
              }
            ],
            "id": "sg-0c145fbe9a9a4326a",
            "ingress": [
              {
                "cidr_blocks": [
                  "0.0.0.0/0"
                ],
                "description": "HTTP from Internet",
                "from_port": 80,
                "ipv6_cidr_blocks": [],
                "prefix_list_ids": [],
                "protocol": "tcp",
                "security_groups": [],
                "self": false,
                "to_port": 80
              },
              {
                "cidr_blocks": [
                  "0.0.0.0/0"
                ],
                "description": "HTTPS from Internet",
                "from_port": 443,
                "ipv6_cidr_blocks": [],
                "prefix_list_ids": [],
                "protocol": "tcp",
                "security_groups": [],
                "self": false,
                "to_port": 443
              }
            ],
            "name": "myapp-alb-sg-dev",
            "name_prefix": "",
            "owner_id": "365165252715",
            "region": "us-east-1",
            "revoke_rules_on_delete": false,
            "tags": {
              "Name": "myapp-alb-sg-dev"
            },
            "tags_all": {
              "Name": "myapp-alb-sg-dev"
            },
            "timeouts": null,
            "vpc_id": "vpc-04d9251bfeebfea3a"
          },
          "sensitive_attributes": [],
          "identity_schema_version": 0,
          "identity": {
            "account_id": "365165252715",
            "id": "sg-0c145fbe9a9a4326a",
            "region": "us-east-1"
          },
          "private": "eyJlMmJmYjczMC1lY2FhLTExZTYtOGY4OC0zNDM2M2JjN2M0YzAiOnsiY3JlYXRlIjo2MDAwMDAwMDAwMDAsImRlbGV0ZSI6OTAwMDAwMDAwMDAwfSwic2NoZW1hX3ZlcnNpb24iOiIxIn0=",
          "dependencies": [
            "aws_security_group.ecs_service",
            "module.vpc.aws_vpc.this"
          ]
        }
      ]
    },
    {
      "mode": "managed",
      "type": "aws_security_group",
      "name": "ecs_service",
      "provider": "provider[\"registry.terraform.io/hashicorp/aws\"]",
      "instances": [
        {
          "schema_version": 1,
          "attributes": {
            "arn": "arn:aws:ec2:us-east-1:365165252715:security-group/sg-025c0939408bcf376",
            "description": "Allow inbound from ALB, outbound to RDS or Internet",
            "egress": [
              {
                "cidr_blocks": [
                  "0.0.0.0/0"
                ],
                "description": "Allow outbound to RDS and Internet",
                "from_port": 0,
                "ipv6_cidr_blocks": [],
                "prefix_list_ids": [],
                "protocol": "-1",
                "security_groups": [],
                "self": false,
                "to_port": 0
              }
            ],
            "id": "sg-025c0939408bcf376",
            "ingress": [
              {
                "cidr_blocks": [],
                "description": "Allow HTTP from ALB to ECS",
                "from_port": 80,
                "ipv6_cidr_blocks": [],
                "prefix_list_ids": [],
                "protocol": "tcp",
                "security_groups": [
                  "sg-0c145fbe9a9a4326a"
                ],
                "self": false,
                "to_port": 80
              },
              {
                "cidr_blocks": [],
                "description": "Allow backend traffic from ALB to ECS",
                "from_port": 8080,
                "ipv6_cidr_blocks": [],
                "prefix_list_ids": [],
                "protocol": "tcp",
                "security_groups": [
                  "sg-0c145fbe9a9a4326a"
                ],
                "self": false,
                "to_port": 8080
              }
            ],
            "name": "myapp-ecs-service-sg-dev",
            "name_prefix": "",
            "owner_id": "365165252715",
            "region": "us-east-1",
            "revoke_rules_on_delete": false,
            "tags": {
              "Name": "myapp-ecs-service-sg-dev"
            },
            "tags_all": {
              "Name": "myapp-ecs-service-sg-dev"
            },
            "timeouts": null,
            "vpc_id": "vpc-04d9251bfeebfea3a"
          },
          "sensitive_attributes": [],
          "identity_schema_version": 0,
          "identity": {
            "account_id": "365165252715",
            "id": "sg-025c0939408bcf376",
            "region": "us-east-1"
          },
          "private": "eyJlMmJmYjczMC1lY2FhLTExZTYtOGY4OC0zNDM2M2JjN2M0YzAiOnsiY3JlYXRlIjo2MDAwMDAwMDAwMDAsImRlbGV0ZSI6OTAwMDAwMDAwMDAwfSwic2NoZW1hX3ZlcnNpb24iOiIxIn0=",
          "dependencies": [
            "module.vpc.aws_vpc.this"
          ]
        }
      ]
    },
    {
      "mode": "managed",
      "type": "aws_security_group",
      "name": "rds_sg",
      "provider": "provider[\"registry.terraform.io/hashicorp/aws\"]",
      "instances": [
        {
          "schema_version": 1,
          "attributes": {
            "arn": "arn:aws:ec2:us-east-1:365165252715:security-group/sg-070b484d7e10d3d70",
            "description": "Allow PostgreSQL access from ECS",
            "egress": [
              {
                "cidr_blocks": [
                  "0.0.0.0/0"
                ],
                "description": "",
                "from_port": 0,
                "ipv6_cidr_blocks": [],
                "prefix_list_ids": [],
                "protocol": "-1",
                "security_groups": [],
                "self": false,
                "to_port": 0
              }
            ],
            "id": "sg-070b484d7e10d3d70",
            "ingress": [
              {
                "cidr_blocks": [
                  "10.0.1.0/24",
                  "10.0.2.0/24"
                ],
                "description": "",
                "from_port": 5432,
                "ipv6_cidr_blocks": [],
                "prefix_list_ids": [],
                "protocol": "tcp",
                "security_groups": [],
                "self": false,
                "to_port": 5432
              }
            ],
            "name": "myapp-rds-sg-dev",
            "name_prefix": "",
            "owner_id": "365165252715",
            "region": "us-east-1",
            "revoke_rules_on_delete": false,
            "tags": null,
            "tags_all": {},
            "timeouts": null,
            "vpc_id": "vpc-04d9251bfeebfea3a"
          },
          "sensitive_attributes": [],
          "identity_schema_version": 0,
          "identity": {
            "account_id": "365165252715",
            "id": "sg-070b484d7e10d3d70",
            "region": "us-east-1"
          },
          "private": "eyJlMmJmYjczMC1lY2FhLTExZTYtOGY4OC0zNDM2M2JjN2M0YzAiOnsiY3JlYXRlIjo2MDAwMDAwMDAwMDAsImRlbGV0ZSI6OTAwMDAwMDAwMDAwfSwic2NoZW1hX3ZlcnNpb24iOiIxIn0=",
          "dependencies": [
            "module.vpc.aws_subnet.private",
            "module.vpc.aws_vpc.this",
            "module.vpc.aws_vpc_ipv4_cidr_block_association.this"
          ],
          "create_before_destroy": true
        }
      ]
    },
    {
      "mode": "managed",
      "type": "aws_security_group_rule",
      "name": "allow_ecs_to_rds",
      "provider": "provider[\"registry.terraform.io/hashicorp/aws\"]",
      "instances": [
        {
          "schema_version": 2,
          "attributes": {
            "cidr_blocks": null,
            "description": "Allow ECS tasks to connect to RDS",
            "from_port": 5432,
            "id": "sgrule-1429437466",
            "ipv6_cidr_blocks": null,
            "prefix_list_ids": null,
            "protocol": "tcp",
            "region": "us-east-1",
            "security_group_id": "sg-070b484d7e10d3d70",
            "security_group_rule_id": "sgr-0701d53f74d5cc39e",
            "self": false,
            "source_security_group_id": "sg-025c0939408bcf376",
            "timeouts": null,
            "to_port": 5432,
            "type": "ingress"
          },
          "sensitive_attributes": [],
          "identity_schema_version": 0,
          "private": "eyJlMmJmYjczMC1lY2FhLTExZTYtOGY4OC0zNDM2M2JjN2M0YzAiOnsiY3JlYXRlIjozMDAwMDAwMDAwMDB9LCJzY2hlbWFfdmVyc2lvbiI6IjIifQ==",
          "dependencies": [
            "aws_security_group.ecs_service",
            "aws_security_group.rds_sg",
            "module.vpc.aws_subnet.private",
            "module.vpc.aws_vpc.this",
            "module.vpc.aws_vpc_ipv4_cidr_block_association.this"
          ]
        }
      ]
    },
    {
      "mode": "managed",
      "type": "aws_security_group_rule",
      "name": "ecs_from_alb_backend",
      "provider": "provider[\"registry.terraform.io/hashicorp/aws\"]",
      "instances": [
        {
          "schema_version": 2,
          "attributes": {
            "cidr_blocks": null,
            "description": "Allow backend traffic from ALB to ECS",
            "from_port": 8080,
            "id": "sgrule-3358241480",
            "ipv6_cidr_blocks": null,
            "prefix_list_ids": null,
            "protocol": "tcp",
            "region": "us-east-1",
            "security_group_id": "sg-025c0939408bcf376",
            "security_group_rule_id": "sgr-0494d5169ce2b1962",
            "self": false,
            "source_security_group_id": "sg-0c145fbe9a9a4326a",
            "timeouts": null,
            "to_port": 8080,
            "type": "ingress"
          },
          "sensitive_attributes": [],
          "identity_schema_version": 0,
          "private": "eyJlMmJmYjczMC1lY2FhLTExZTYtOGY4OC0zNDM2M2JjN2M0YzAiOnsiY3JlYXRlIjozMDAwMDAwMDAwMDB9LCJzY2hlbWFfdmVyc2lvbiI6IjIifQ==",
          "dependencies": [
            "aws_security_group.alb_sg",
            "aws_security_group.ecs_service",
            "module.vpc.aws_vpc.this"
          ]
        }
      ]
    },
    {
      "mode": "managed",
      "type": "aws_security_group_rule",
      "name": "ecs_from_alb_http",
      "provider": "provider[\"registry.terraform.io/hashicorp/aws\"]",
      "instances": [
        {
          "schema_version": 2,
          "attributes": {
            "cidr_blocks": null,
            "description": "Allow HTTP from ALB to ECS",
            "from_port": 80,
            "id": "sgrule-2653867034",
            "ipv6_cidr_blocks": null,
            "prefix_list_ids": null,
            "protocol": "tcp",
            "region": "us-east-1",
            "security_group_id": "sg-025c0939408bcf376",
            "security_group_rule_id": "sgr-0fe7156fcee2d1268",
            "self": false,
            "source_security_group_id": "sg-0c145fbe9a9a4326a",
            "timeouts": null,
            "to_port": 80,
            "type": "ingress"
          },
          "sensitive_attributes": [],
          "identity_schema_version": 0,
          "private": "eyJlMmJmYjczMC1lY2FhLTExZTYtOGY4OC0zNDM2M2JjN2M0YzAiOnsiY3JlYXRlIjozMDAwMDAwMDAwMDB9LCJzY2hlbWFfdmVyc2lvbiI6IjIifQ==",
          "dependencies": [
            "aws_security_group.alb_sg",
            "aws_security_group.ecs_service",
            "module.vpc.aws_vpc.this"
          ]
        }
      ]
    },
    {
      "mode": "managed",
      "type": "random_id",
      "name": "bucket_id",
      "provider": "provider[\"registry.terraform.io/hashicorp/random\"]",
      "instances": [
        {
          "schema_version": 0,
          "attributes": {
            "b64_std": "KkY6AA==",
            "b64_url": "KkY6AA",
            "byte_length": 4,
            "dec": "709245440",
            "hex": "2a463a00",
            "id": "KkY6AA",
            "keepers": null,
            "prefix": null
          },
          "sensitive_attributes": [],
          "identity_schema_version": 0,
          "create_before_destroy": true
        }
      ]
    },
    {
      "module": "module.alb",
      "mode": "data",
      "type": "aws_partition",
      "name": "current",
      "provider": "provider[\"registry.terraform.io/hashicorp/aws\"]",
      "instances": [
        {
          "index_key": 0,
          "schema_version": 0,
          "attributes": {
            "dns_suffix": "amazonaws.com",
            "id": "aws",
            "partition": "aws",
            "reverse_dns_prefix": "com.amazonaws"
          },
          "sensitive_attributes": [],
          "identity_schema_version": 0
        }
      ]
    },
    {
      "module": "module.alb",
      "mode": "managed",
      "type": "aws_lb",
      "name": "this",
      "provider": "provider[\"registry.terraform.io/hashicorp/aws\"]",
      "instances": [
        {
          "index_key": 0,
          "schema_version": 0,
          "attributes": {
            "access_logs": [
              {
                "bucket": "",
                "enabled": false,
                "prefix": ""
              }
            ],
            "arn": "arn:aws:elasticloadbalancing:us-east-1:365165252715:loadbalancer/app/myapp-alb-dev/414b65819ce4da47",
            "arn_suffix": "app/myapp-alb-dev/414b65819ce4da47",
            "client_keep_alive": 3600,
            "connection_logs": [
              {
                "bucket": "",
                "enabled": false,
                "prefix": ""
              }
            ],
            "customer_owned_ipv4_pool": "",
            "desync_mitigation_mode": "defensive",
            "dns_name": "myapp-alb-dev-202216256.us-east-1.elb.amazonaws.com",
            "dns_record_client_routing_policy": null,
            "drop_invalid_header_fields": true,
            "enable_cross_zone_load_balancing": true,
            "enable_deletion_protection": false,
            "enable_http2": true,
            "enable_tls_version_and_cipher_suite_headers": false,
            "enable_waf_fail_open": false,
            "enable_xff_client_port": false,
            "enable_zonal_shift": false,
            "enforce_security_group_inbound_rules_on_private_link_traffic": "",
            "id": "arn:aws:elasticloadbalancing:us-east-1:365165252715:loadbalancer/app/myapp-alb-dev/414b65819ce4da47",
            "idle_timeout": 60,
            "internal": false,
            "ip_address_type": "ipv4",
            "ipam_pools": [],
            "load_balancer_type": "application",
            "minimum_load_balancer_capacity": [],
            "name": "myapp-alb-dev",
            "name_prefix": "",
            "preserve_host_header": false,
            "region": "us-east-1",
            "secondary_ips_auto_assigned_per_subnet": null,
            "security_groups": [
              "sg-007519a4cd2d7be38",
              "sg-0c145fbe9a9a4326a"
            ],
            "subnet_mapping": [
              {
                "allocation_id": "",
                "ipv6_address": "",
                "outpost_id": "",
                "private_ipv4_address": "",
                "subnet_id": "subnet-03ea06e62cb7ebe15"
              },
              {
                "allocation_id": "",
                "ipv6_address": "",
                "outpost_id": "",
                "private_ipv4_address": "",
                "subnet_id": "subnet-057f11453e5d5d92d"
              }
            ],
            "subnets": [
              "subnet-03ea06e62cb7ebe15",
              "subnet-057f11453e5d5d92d"
            ],
            "tags": {
              "terraform-aws-modules": "alb"
            },
            "tags_all": {
              "terraform-aws-modules": "alb"
            },
            "timeouts": null,
            "vpc_id": "vpc-04d9251bfeebfea3a",
            "xff_header_processing_mode": "append",
            "zone_id": "Z35SXDOTRQ7X7K"
          },
          "sensitive_attributes": [],
          "identity_schema_version": 0,
          "identity": {
            "arn": "arn:aws:elasticloadbalancing:us-east-1:365165252715:loadbalancer/app/myapp-alb-dev/414b65819ce4da47"
          },
          "private": "eyJlMmJmYjczMC1lY2FhLTExZTYtOGY4OC0zNDM2M2JjN2M0YzAiOnsiY3JlYXRlIjo2MDAwMDAwMDAwMDAsImRlbGV0ZSI6NjAwMDAwMDAwMDAwLCJ1cGRhdGUiOjYwMDAwMDAwMDAwMH19",
          "dependencies": [
            "aws_security_group.alb_sg",
            "aws_security_group.ecs_service",
            "module.alb.aws_security_group.this",
            "module.vpc.aws_subnet.public",
            "module.vpc.aws_vpc.this",
            "module.vpc.aws_vpc_ipv4_cidr_block_association.this"
          ]
        }
      ]
    },
    {
      "module": "module.alb",
      "mode": "managed",
      "type": "aws_lb_listener",
      "name": "this",
      "provider": "provider[\"registry.terraform.io/hashicorp/aws\"]",
      "instances": [
        {
          "index_key": "http",
          "schema_version": 0,
          "attributes": {
            "alpn_policy": null,
            "arn": "arn:aws:elasticloadbalancing:us-east-1:365165252715:listener/app/myapp-alb-dev/414b65819ce4da47/c81da115b76b4f56",
            "certificate_arn": null,
            "default_action": [
              {
                "authenticate_cognito": [],
                "authenticate_oidc": [],
                "fixed_response": [],
                "forward": [],
                "order": 1,
                "redirect": [],
                "target_group_arn": "arn:aws:elasticloadbalancing:us-east-1:365165252715:targetgroup/fe-20251121201244694900000005/bdf9f6e18950440f",
                "type": "forward"
              }
            ],
            "id": "arn:aws:elasticloadbalancing:us-east-1:365165252715:listener/app/myapp-alb-dev/414b65819ce4da47/c81da115b76b4f56",
            "load_balancer_arn": "arn:aws:elasticloadbalancing:us-east-1:365165252715:loadbalancer/app/myapp-alb-dev/414b65819ce4da47",
            "mutual_authentication": [],
            "port": 80,
            "protocol": "HTTP",
            "region": "us-east-1",
            "routing_http_request_x_amzn_mtls_clientcert_header_name": null,
            "routing_http_request_x_amzn_mtls_clientcert_issuer_header_name": null,
            "routing_http_request_x_amzn_mtls_clientcert_leaf_header_name": null,
            "routing_http_request_x_amzn_mtls_clientcert_serial_number_header_name": null,
            "routing_http_request_x_amzn_mtls_clientcert_subject_header_name": null,
            "routing_http_request_x_amzn_mtls_clientcert_validity_header_name": null,
            "routing_http_request_x_amzn_tls_cipher_suite_header_name": null,
            "routing_http_request_x_amzn_tls_version_header_name": null,
            "routing_http_response_access_control_allow_credentials_header_value": "",
            "routing_http_response_access_control_allow_headers_header_value": "",
            "routing_http_response_access_control_allow_methods_header_value": "",
            "routing_http_response_access_control_allow_origin_header_value": "",
            "routing_http_response_access_control_expose_headers_header_value": "",
            "routing_http_response_access_control_max_age_header_value": "",
            "routing_http_response_content_security_policy_header_value": "",
            "routing_http_response_server_enabled": true,
            "routing_http_response_strict_transport_security_header_value": "",
            "routing_http_response_x_content_type_options_header_value": "",
            "routing_http_response_x_frame_options_header_value": "",
            "ssl_policy": "",
            "tags": {
              "terraform-aws-modules": "alb"
            },
            "tags_all": {
              "terraform-aws-modules": "alb"
            },
            "tcp_idle_timeout_seconds": null,
            "timeouts": null
          },
          "sensitive_attributes": [],
          "identity_schema_version": 0,
          "identity": {
            "arn": "arn:aws:elasticloadbalancing:us-east-1:365165252715:listener/app/myapp-alb-dev/414b65819ce4da47/c81da115b76b4f56"
          },
          "private": "eyJlMmJmYjczMC1lY2FhLTExZTYtOGY4OC0zNDM2M2JjN2M0YzAiOnsiY3JlYXRlIjozMDAwMDAwMDAwMDAsInVwZGF0ZSI6MzAwMDAwMDAwMDAwfX0=",
          "dependencies": [
            "aws_security_group.alb_sg",
            "aws_security_group.ecs_service",
            "module.alb.aws_lb.this",
            "module.alb.aws_lb_target_group.this",
            "module.alb.aws_security_group.this",
            "module.vpc.aws_subnet.public",
            "module.vpc.aws_vpc.this",
            "module.vpc.aws_vpc_ipv4_cidr_block_association.this"
          ]
        }
      ]
    },
    {
      "module": "module.alb",
      "mode": "managed",
      "type": "aws_lb_listener_rule",
      "name": "this",
      "provider": "provider[\"registry.terraform.io/hashicorp/aws\"]",
      "instances": [
        {
          "index_key": "http/api_rule",
          "schema_version": 0,
          "attributes": {
            "action": [
              {
                "authenticate_cognito": [],
                "authenticate_oidc": [],
                "fixed_response": [],
                "forward": [],
                "order": 1,
                "redirect": [],
                "target_group_arn": "arn:aws:elasticloadbalancing:us-east-1:365165252715:targetgroup/be-20251121201244671100000004/168873b7a239b706",
                "type": "forward"
              }
            ],
            "arn": "arn:aws:elasticloadbalancing:us-east-1:365165252715:listener-rule/app/myapp-alb-dev/414b65819ce4da47/c81da115b76b4f56/8d54305557c3bf3b",
            "condition": [
              {
                "host_header": [],
                "http_header": [],
                "http_request_method": [],
                "path_pattern": [
                  {
                    "regex_values": [],
                    "values": [
                      "/api/*"
                    ]
                  }
                ],
                "query_string": [],
                "source_ip": []
              }
            ],
            "id": "arn:aws:elasticloadbalancing:us-east-1:365165252715:listener-rule/app/myapp-alb-dev/414b65819ce4da47/c81da115b76b4f56/8d54305557c3bf3b",
            "listener_arn": "arn:aws:elasticloadbalancing:us-east-1:365165252715:listener/app/myapp-alb-dev/414b65819ce4da47/c81da115b76b4f56",
            "priority": 1,
            "region": "us-east-1",
            "tags": {
              "terraform-aws-modules": "alb"
            },
            "tags_all": {
              "terraform-aws-modules": "alb"
            },
            "transform": []
          },
          "sensitive_attributes": [],
          "identity_schema_version": 0,
          "identity": {
            "arn": "arn:aws:elasticloadbalancing:us-east-1:365165252715:listener-rule/app/myapp-alb-dev/414b65819ce4da47/c81da115b76b4f56/8d54305557c3bf3b"
          },
          "private": "bnVsbA==",
          "dependencies": [
            "aws_security_group.alb_sg",
            "aws_security_group.ecs_service",
            "module.alb.aws_lb.this",
            "module.alb.aws_lb_listener.this",
            "module.alb.aws_lb_target_group.this",
            "module.alb.aws_security_group.this",
            "module.vpc.aws_subnet.public",
            "module.vpc.aws_vpc.this",
            "module.vpc.aws_vpc_ipv4_cidr_block_association.this"
          ]
        }
      ]
    },
    {
      "module": "module.alb",
      "mode": "managed",
      "type": "aws_lb_target_group",
      "name": "this",
      "provider": "provider[\"registry.terraform.io/hashicorp/aws\"]",
      "instances": [
        {
          "index_key": "backend",
          "schema_version": 0,
          "attributes": {
            "arn": "arn:aws:elasticloadbalancing:us-east-1:365165252715:targetgroup/be-20251121201244671100000004/168873b7a239b706",
            "arn_suffix": "targetgroup/be-20251121201244671100000004/168873b7a239b706",
            "connection_termination": null,
            "deregistration_delay": "300",
            "health_check": [
              {
                "enabled": true,
                "healthy_threshold": 3,
                "interval": 30,
                "matcher": "200-399",
                "path": "/actuator/health",
                "port": "traffic-port",
                "protocol": "HTTP",
                "timeout": 5,
                "unhealthy_threshold": 2
              }
            ],
            "id": "arn:aws:elasticloadbalancing:us-east-1:365165252715:targetgroup/be-20251121201244671100000004/168873b7a239b706",
            "ip_address_type": "ipv4",
            "lambda_multi_value_headers_enabled": false,
            "load_balancer_arns": [
              "arn:aws:elasticloadbalancing:us-east-1:365165252715:loadbalancer/app/myapp-alb-dev/414b65819ce4da47"
            ],
            "load_balancing_algorithm_type": "round_robin",
            "load_balancing_anomaly_mitigation": "off",
            "load_balancing_cross_zone_enabled": "use_load_balancer_configuration",
            "name": "be-20251121201244671100000004",
            "name_prefix": "be-",
            "port": 8080,
            "preserve_client_ip": null,
            "protocol": "HTTP",
            "protocol_version": "HTTP1",
            "proxy_protocol_v2": false,
            "region": "us-east-1",
            "slow_start": 0,
            "stickiness": [
              {
                "cookie_duration": 86400,
                "cookie_name": "",
                "enabled": false,
                "type": "lb_cookie"
              }
            ],
            "tags": {
              "terraform-aws-modules": "alb"
            },
            "tags_all": {
              "terraform-aws-modules": "alb"
            },
            "target_failover": [
              {
                "on_deregistration": null,
                "on_unhealthy": null
              }
            ],
            "target_group_health": [
              {
                "dns_failover": [
                  {
                    "minimum_healthy_targets_count": "1",
                    "minimum_healthy_targets_percentage": "off"
                  }
                ],
                "unhealthy_state_routing": [
                  {
                    "minimum_healthy_targets_count": 1,
                    "minimum_healthy_targets_percentage": "off"
                  }
                ]
              }
            ],
            "target_health_state": [
              {
                "enable_unhealthy_connection_termination": null,
                "unhealthy_draining_interval": null
              }
            ],
            "target_type": "ip",
            "vpc_id": "vpc-04d9251bfeebfea3a"
          },
          "sensitive_attributes": [],
          "identity_schema_version": 0,
          "identity": {
            "arn": "arn:aws:elasticloadbalancing:us-east-1:365165252715:targetgroup/be-20251121201244671100000004/168873b7a239b706"
          },
          "private": "bnVsbA==",
          "dependencies": [
            "module.vpc.aws_vpc.this"
          ],
          "create_before_destroy": true
        },
        {
          "index_key": "frontend",
          "schema_version": 0,
          "attributes": {
            "arn": "arn:aws:elasticloadbalancing:us-east-1:365165252715:targetgroup/fe-20251121201244694900000005/bdf9f6e18950440f",
            "arn_suffix": "targetgroup/fe-20251121201244694900000005/bdf9f6e18950440f",
            "connection_termination": null,
            "deregistration_delay": "300",
            "health_check": [
              {
                "enabled": true,
                "healthy_threshold": 3,
                "interval": 30,
                "matcher": "200-399",
                "path": "/",
                "port": "traffic-port",
                "protocol": "HTTP",
                "timeout": 5,
                "unhealthy_threshold": 2
              }
            ],
            "id": "arn:aws:elasticloadbalancing:us-east-1:365165252715:targetgroup/fe-20251121201244694900000005/bdf9f6e18950440f",
            "ip_address_type": "ipv4",
            "lambda_multi_value_headers_enabled": false,
            "load_balancer_arns": [
              "arn:aws:elasticloadbalancing:us-east-1:365165252715:loadbalancer/app/myapp-alb-dev/414b65819ce4da47"
            ],
            "load_balancing_algorithm_type": "round_robin",
            "load_balancing_anomaly_mitigation": "off",
            "load_balancing_cross_zone_enabled": "use_load_balancer_configuration",
            "name": "fe-20251121201244694900000005",
            "name_prefix": "fe-",
            "port": 80,
            "preserve_client_ip": null,
            "protocol": "HTTP",
            "protocol_version": "HTTP1",
            "proxy_protocol_v2": false,
            "region": "us-east-1",
            "slow_start": 0,
            "stickiness": [
              {
                "cookie_duration": 86400,
                "cookie_name": "",
                "enabled": false,
                "type": "lb_cookie"
              }
            ],
            "tags": {
              "terraform-aws-modules": "alb"
            },
            "tags_all": {
              "terraform-aws-modules": "alb"
            },
            "target_failover": [
              {
                "on_deregistration": null,
                "on_unhealthy": null
              }
            ],
            "target_group_health": [
              {
                "dns_failover": [
                  {
                    "minimum_healthy_targets_count": "1",
                    "minimum_healthy_targets_percentage": "off"
                  }
                ],
                "unhealthy_state_routing": [
                  {
                    "minimum_healthy_targets_count": 1,
                    "minimum_healthy_targets_percentage": "off"
                  }
                ]
              }
            ],
            "target_health_state": [
              {
                "enable_unhealthy_connection_termination": null,
                "unhealthy_draining_interval": null
              }
            ],
            "target_type": "ip",
            "vpc_id": "vpc-04d9251bfeebfea3a"
          },
          "sensitive_attributes": [],
          "identity_schema_version": 0,
          "identity": {
            "arn": "arn:aws:elasticloadbalancing:us-east-1:365165252715:targetgroup/fe-20251121201244694900000005/bdf9f6e18950440f"
          },
          "private": "bnVsbA==",
          "dependencies": [
            "module.vpc.aws_vpc.this"
          ],
          "create_before_destroy": true
        }
      ]
    },
    {
      "module": "module.alb",
      "mode": "managed",
      "type": "aws_security_group",
      "name": "this",
      "provider": "provider[\"registry.terraform.io/hashicorp/aws\"]",
      "instances": [
        {
          "index_key": 0,
          "schema_version": 1,
          "attributes": {
            "arn": "arn:aws:ec2:us-east-1:365165252715:security-group/sg-007519a4cd2d7be38",
            "description": "Security group for myapp-alb-dev application load balancer",
            "egress": [],
            "id": "sg-007519a4cd2d7be38",
            "ingress": [],
            "name": "myapp-alb-dev-20251121201243017200000003",
            "name_prefix": "myapp-alb-dev-",
            "owner_id": "365165252715",
            "region": "us-east-1",
            "revoke_rules_on_delete": false,
            "tags": {
              "terraform-aws-modules": "alb"
            },
            "tags_all": {
              "terraform-aws-modules": "alb"
            },
            "timeouts": null,
            "vpc_id": "vpc-04d9251bfeebfea3a"
          },
          "sensitive_attributes": [],
          "identity_schema_version": 0,
          "identity": {
            "account_id": "365165252715",
            "id": "sg-007519a4cd2d7be38",
            "region": "us-east-1"
          },
          "private": "eyJlMmJmYjczMC1lY2FhLTExZTYtOGY4OC0zNDM2M2JjN2M0YzAiOnsiY3JlYXRlIjo2MDAwMDAwMDAwMDAsImRlbGV0ZSI6OTAwMDAwMDAwMDAwfSwic2NoZW1hX3ZlcnNpb24iOiIxIn0=",
          "dependencies": [
            "module.vpc.aws_vpc.this"
          ],
          "create_before_destroy": true
        }
      ]
    },
    {
      "module": "module.ecs_cluster.module.cluster",
      "mode": "managed",
      "type": "aws_cloudwatch_log_group",
      "name": "this",
      "provider": "provider[\"registry.terraform.io/hashicorp/aws\"]",
      "instances": [
        {
          "index_key": 0,
          "schema_version": 0,
          "attributes": {
            "arn": "arn:aws:logs:us-east-1:365165252715:log-group:/aws/ecs/myapp-cluster-dev",
            "id": "/aws/ecs/myapp-cluster-dev",
            "kms_key_id": "",
            "log_group_class": "STANDARD",
            "name": "/aws/ecs/myapp-cluster-dev",
            "name_prefix": "",
            "region": "us-east-1",
            "retention_in_days": 90,
            "skip_destroy": false,
            "tags": {
              "Name": "/aws/ecs/myapp-cluster-dev"
            },
            "tags_all": {
              "Name": "/aws/ecs/myapp-cluster-dev"
            }
          },
          "sensitive_attributes": [],
          "identity_schema_version": 0,
          "identity": {
            "account_id": "365165252715",
            "name": "/aws/ecs/myapp-cluster-dev",
            "region": "us-east-1"
          },
          "private": "bnVsbA=="
        }
      ]
    },
    {
      "module": "module.ecs_cluster.module.cluster",
      "mode": "managed",
      "type": "aws_ecs_cluster",
      "name": "this",
      "provider": "provider[\"registry.terraform.io/hashicorp/aws\"]",
      "instances": [
        {
          "index_key": 0,
          "schema_version": 0,
          "attributes": {
            "arn": "arn:aws:ecs:us-east-1:365165252715:cluster/myapp-cluster-dev",
            "configuration": [
              {
                "execute_command_configuration": [
                  {
                    "kms_key_id": "",
                    "log_configuration": [
                      {
                        "cloud_watch_encryption_enabled": false,
                        "cloud_watch_log_group_name": "/aws/ecs/myapp-cluster-dev",
                        "s3_bucket_encryption_enabled": false,
                        "s3_bucket_name": "",
                        "s3_key_prefix": ""
                      }
                    ],
                    "logging": "OVERRIDE"
                  }
                ],
                "managed_storage_configuration": []
              }
            ],
            "id": "arn:aws:ecs:us-east-1:365165252715:cluster/myapp-cluster-dev",
            "name": "myapp-cluster-dev",
            "region": "us-east-1",
            "service_connect_defaults": [],
            "setting": [
              {
                "name": "containerInsights",
                "value": "enabled"
              }
            ],
            "tags": {},
            "tags_all": {}
          },
          "sensitive_attributes": [],
          "identity_schema_version": 0,
          "private": "bnVsbA==",
          "dependencies": [
            "module.ecs_cluster.module.cluster.aws_cloudwatch_log_group.this"
          ]
        }
      ]
    },
    {
      "module": "module.ecs_cluster.module.cluster",
      "mode": "managed",
      "type": "aws_ecs_cluster_capacity_providers",
      "name": "this",
      "provider": "provider[\"registry.terraform.io/hashicorp/aws\"]",
      "instances": [
        {
          "index_key": 0,
          "schema_version": 0,
          "attributes": {
            "capacity_providers": null,
            "cluster_name": "myapp-cluster-dev",
            "default_capacity_provider_strategy": [],
            "id": "myapp-cluster-dev",
            "region": "us-east-1"
          },
          "sensitive_attributes": [],
          "identity_schema_version": 0,
          "private": "bnVsbA==",
          "dependencies": [
            "module.ecs_cluster.module.cluster.aws_cloudwatch_log_group.this",
            "module.ecs_cluster.module.cluster.aws_ecs_capacity_provider.this",
            "module.ecs_cluster.module.cluster.aws_ecs_cluster.this"
          ]
        }
      ]
    },
    {
      "module": "module.ecs_service_backend",
      "mode": "data",
      "type": "aws_caller_identity",
      "name": "current",
      "provider": "provider[\"registry.terraform.io/hashicorp/aws\"]",
      "instances": [
        {
          "index_key": 0,
          "schema_version": 0,
          "attributes": {
            "account_id": "365165252715",
            "arn": "arn:aws:sts::365165252715:assumed-role/voclabs/user4532854=Bartosz_Ma__yjasiak",
            "id": "365165252715",
            "user_id": "AROAVKBMLSBVWTNH667XJ:user4532854=Bartosz_Ma__yjasiak"
          },
          "sensitive_attributes": [],
          "identity_schema_version": 0
        }
      ]
    },
    {
      "module": "module.ecs_service_backend",
      "mode": "data",
      "type": "aws_partition",
      "name": "current",
      "provider": "provider[\"registry.terraform.io/hashicorp/aws\"]",
      "instances": [
        {
          "index_key": 0,
          "schema_version": 0,
          "attributes": {
            "dns_suffix": "amazonaws.com",
            "id": "aws",
            "partition": "aws",
            "reverse_dns_prefix": "com.amazonaws"
          },
          "sensitive_attributes": [],
          "identity_schema_version": 0
        }
      ]
    },
    {
      "module": "module.ecs_service_backend",
      "mode": "data",
      "type": "aws_region",
      "name": "current",
      "provider": "provider[\"registry.terraform.io/hashicorp/aws\"]",
      "instances": [
        {
          "index_key": 0,
          "schema_version": 0,
          "attributes": {
            "description": "US East (N. Virginia)",
            "endpoint": "ec2.us-east-1.amazonaws.com",
            "id": "us-east-1",
            "name": "us-east-1",
            "region": "us-east-1"
          },
          "sensitive_attributes": [],
          "identity_schema_version": 0
        }
      ]
    },
    {
      "module": "module.ecs_service_backend",
      "mode": "data",
      "type": "aws_subnet",
      "name": "this",
      "provider": "provider[\"registry.terraform.io/hashicorp/aws\"]",
      "instances": [
        {
          "index_key": 0,
          "schema_version": 0,
          "attributes": {
            "arn": "arn:aws:ec2:us-east-1:365165252715:subnet/subnet-0727beb438b5ac0fd",
            "assign_ipv6_address_on_creation": false,
            "availability_zone": "us-east-1a",
            "availability_zone_id": "use1-az4",
            "available_ip_address_count": 251,
            "cidr_block": "10.0.1.0/24",
            "customer_owned_ipv4_pool": "",
            "default_for_az": false,
            "enable_dns64": false,
            "enable_lni_at_device_index": 0,
            "enable_resource_name_dns_a_record_on_launch": false,
            "enable_resource_name_dns_aaaa_record_on_launch": false,
            "filter": null,
            "id": "subnet-0727beb438b5ac0fd",
            "ipv6_cidr_block": "",
            "ipv6_cidr_block_association_id": "",
            "ipv6_native": false,
            "map_customer_owned_ip_on_launch": false,
            "map_public_ip_on_launch": false,
            "outpost_arn": "",
            "owner_id": "365165252715",
            "private_dns_hostname_type_on_launch": "ip-name",
            "region": "us-east-1",
            "state": "available",
            "tags": {
              "Name": "myapp-vpc-dev-private-us-east-1a"
            },
            "timeouts": null,
            "vpc_id": "vpc-04d9251bfeebfea3a"
          },
          "sensitive_attributes": [],
          "identity_schema_version": 0
        }
      ]
    },
    {
      "module": "module.ecs_service_backend",
      "mode": "managed",
      "type": "aws_appautoscaling_policy",
      "name": "this",
      "provider": "provider[\"registry.terraform.io/hashicorp/aws\"]",
      "instances": [
        {
          "index_key": "cpu",
          "schema_version": 0,
          "attributes": {
            "alarm_arns": [
              "arn:aws:cloudwatch:us-east-1:365165252715:alarm:TargetTracking-service/myapp-cluster-dev/backend-AlarmHigh-c00ac968-0f71-4cd9-a7c4-8753e2e22261",
              "arn:aws:cloudwatch:us-east-1:365165252715:alarm:TargetTracking-service/myapp-cluster-dev/backend-AlarmLow-7fdd76ab-4e93-4166-923a-c8a4f1ee5314"
            ],
            "arn": "arn:aws:autoscaling:us-east-1:365165252715:scalingPolicy:31f56983-b9fc-4cf5-a262-9459ca77a603:resource/ecs/service/myapp-cluster-dev/backend:policyName/cpu",
            "id": "cpu",
            "name": "cpu",
            "policy_type": "TargetTrackingScaling",
            "predictive_scaling_policy_configuration": [],
            "region": "us-east-1",
            "resource_id": "service/myapp-cluster-dev/backend",
            "scalable_dimension": "ecs:service:DesiredCount",
            "service_namespace": "ecs",
            "step_scaling_policy_configuration": [],
            "target_tracking_scaling_policy_configuration": [
              {
                "customized_metric_specification": [],
                "disable_scale_in": false,
                "predefined_metric_specification": [
                  {
                    "predefined_metric_type": "ECSServiceAverageCPUUtilization",
                    "resource_label": ""
                  }
                ],
                "scale_in_cooldown": 300,
                "scale_out_cooldown": 60,
                "target_value": 75
              }
            ]
          },
          "sensitive_attributes": [],
          "identity_schema_version": 0,
          "private": "bnVsbA==",
          "dependencies": [
            "aws_cognito_user_pool.user_pool",
            "aws_db_instance.postgres",
            "aws_db_subnet_group.rds_subnet_group",
            "aws_ecr_repository.backend",
            "aws_s3_bucket.media",
            "aws_security_group.ecs_service",
            "aws_security_group.rds_sg",
            "data.aws_iam_role.lab_role",
            "module.alb.aws_lb_target_group.this",
            "module.ecs_cluster.module.cluster.aws_cloudwatch_log_group.this",
            "module.ecs_cluster.module.cluster.aws_ecs_cluster.this",
            "module.ecs_service_backend.aws_appautoscaling_target.this",
            "module.ecs_service_backend.aws_ecs_service.ignore_task_definition",
            "module.ecs_service_backend.aws_ecs_service.this",
            "module.ecs_service_backend.aws_ecs_task_definition.this",
            "module.ecs_service_backend.aws_iam_policy.service",
            "module.ecs_service_backend.aws_iam_policy.task_exec",
            "module.ecs_service_backend.aws_iam_role.infrastructure_iam_role",
            "module.ecs_service_backend.aws_iam_role.service",
            "module.ecs_service_backend.aws_iam_role.task_exec",
            "module.ecs_service_backend.aws_iam_role.tasks",
            "module.ecs_service_backend.aws_iam_role_policy_attachment.infrastructure_iam_role_ebs_policy",
            "module.ecs_service_backend.aws_iam_role_policy_attachment.service",
            "module.ecs_service_backend.aws_iam_role_policy_attachment.task_exec",
            "module.ecs_service_backend.aws_iam_role_policy_attachment.task_exec_additional",
            "module.ecs_service_backend.aws_iam_role_policy_attachment.tasks",
            "module.ecs_service_backend.aws_security_group.this",
            "module.ecs_service_backend.data.aws_caller_identity.current",
            "module.ecs_service_backend.data.aws_iam_policy_document.infrastructure_iam_role",
            "module.ecs_service_backend.data.aws_iam_policy_document.service",
            "module.ecs_service_backend.data.aws_iam_policy_document.service_assume",
            "module.ecs_service_backend.data.aws_iam_policy_document.task_exec",
            "module.ecs_service_backend.data.aws_iam_policy_document.task_exec_assume",
            "module.ecs_service_backend.data.aws_iam_policy_document.tasks_assume",
            "module.ecs_service_backend.data.aws_partition.current",
            "module.ecs_service_backend.data.aws_region.current",
            "module.ecs_service_backend.data.aws_subnet.this",
            "module.ecs_service_backend.module.container_definition.aws_cloudwatch_log_group.this",
            "module.ecs_service_backend.module.container_definition.data.aws_region.current",
            "module.vpc.aws_subnet.private",
            "module.vpc.aws_vpc.this",
            "module.vpc.aws_vpc_ipv4_cidr_block_association.this",
            "random_id.bucket_id"
          ]
        },
        {
          "index_key": "memory",
          "schema_version": 0,
          "attributes": {
            "alarm_arns": [
              "arn:aws:cloudwatch:us-east-1:365165252715:alarm:TargetTracking-service/myapp-cluster-dev/backend-AlarmHigh-4bacaa42-4cc1-4ad3-841a-65655f20604d",
              "arn:aws:cloudwatch:us-east-1:365165252715:alarm:TargetTracking-service/myapp-cluster-dev/backend-AlarmLow-917fd7f2-77cc-423d-95b4-5a83930ee103"
            ],
            "arn": "arn:aws:autoscaling:us-east-1:365165252715:scalingPolicy:31f56983-b9fc-4cf5-a262-9459ca77a603:resource/ecs/service/myapp-cluster-dev/backend:policyName/memory",
            "id": "memory",
            "name": "memory",
            "policy_type": "TargetTrackingScaling",
            "predictive_scaling_policy_configuration": [],
            "region": "us-east-1",
            "resource_id": "service/myapp-cluster-dev/backend",
            "scalable_dimension": "ecs:service:DesiredCount",
            "service_namespace": "ecs",
            "step_scaling_policy_configuration": [],
            "target_tracking_scaling_policy_configuration": [
              {
                "customized_metric_specification": [],
                "disable_scale_in": false,
                "predefined_metric_specification": [
                  {
                    "predefined_metric_type": "ECSServiceAverageMemoryUtilization",
                    "resource_label": ""
                  }
                ],
                "scale_in_cooldown": 300,
                "scale_out_cooldown": 60,
                "target_value": 75
              }
            ]
          },
          "sensitive_attributes": [],
          "identity_schema_version": 0,
          "private": "bnVsbA==",
          "dependencies": [
            "aws_cognito_user_pool.user_pool",
            "aws_db_instance.postgres",
            "aws_db_subnet_group.rds_subnet_group",
            "aws_ecr_repository.backend",
            "aws_s3_bucket.media",
            "aws_security_group.ecs_service",
            "aws_security_group.rds_sg",
            "data.aws_iam_role.lab_role",
            "module.alb.aws_lb_target_group.this",
            "module.ecs_cluster.module.cluster.aws_cloudwatch_log_group.this",
            "module.ecs_cluster.module.cluster.aws_ecs_cluster.this",
            "module.ecs_service_backend.aws_appautoscaling_target.this",
            "module.ecs_service_backend.aws_ecs_service.ignore_task_definition",
            "module.ecs_service_backend.aws_ecs_service.this",
            "module.ecs_service_backend.aws_ecs_task_definition.this",
            "module.ecs_service_backend.aws_iam_policy.service",
            "module.ecs_service_backend.aws_iam_policy.task_exec",
            "module.ecs_service_backend.aws_iam_role.infrastructure_iam_role",
            "module.ecs_service_backend.aws_iam_role.service",
            "module.ecs_service_backend.aws_iam_role.task_exec",
            "module.ecs_service_backend.aws_iam_role.tasks",
            "module.ecs_service_backend.aws_iam_role_policy_attachment.infrastructure_iam_role_ebs_policy",
            "module.ecs_service_backend.aws_iam_role_policy_attachment.service",
            "module.ecs_service_backend.aws_iam_role_policy_attachment.task_exec",
            "module.ecs_service_backend.aws_iam_role_policy_attachment.task_exec_additional",
            "module.ecs_service_backend.aws_iam_role_policy_attachment.tasks",
            "module.ecs_service_backend.aws_security_group.this",
            "module.ecs_service_backend.data.aws_caller_identity.current",
            "module.ecs_service_backend.data.aws_iam_policy_document.infrastructure_iam_role",
            "module.ecs_service_backend.data.aws_iam_policy_document.service",
            "module.ecs_service_backend.data.aws_iam_policy_document.service_assume",
            "module.ecs_service_backend.data.aws_iam_policy_document.task_exec",
            "module.ecs_service_backend.data.aws_iam_policy_document.task_exec_assume",
            "module.ecs_service_backend.data.aws_iam_policy_document.tasks_assume",
            "module.ecs_service_backend.data.aws_partition.current",
            "module.ecs_service_backend.data.aws_region.current",
            "module.ecs_service_backend.data.aws_subnet.this",
            "module.ecs_service_backend.module.container_definition.aws_cloudwatch_log_group.this",
            "module.ecs_service_backend.module.container_definition.data.aws_region.current",
            "module.vpc.aws_subnet.private",
            "module.vpc.aws_vpc.this",
            "module.vpc.aws_vpc_ipv4_cidr_block_association.this",
            "random_id.bucket_id"
          ]
        }
      ]
    },
    {
      "module": "module.ecs_service_backend",
      "mode": "managed",
      "type": "aws_appautoscaling_target",
      "name": "this",
      "provider": "provider[\"registry.terraform.io/hashicorp/aws\"]",
      "instances": [
        {
          "index_key": 0,
          "schema_version": 0,
          "attributes": {
            "arn": "arn:aws:application-autoscaling:us-east-1:365165252715:scalable-target/0ec531f56983b9fc4cf5a2629459ca77a603",
            "id": "service/myapp-cluster-dev/backend",
            "max_capacity": 10,
            "min_capacity": 1,
            "region": "us-east-1",
            "resource_id": "service/myapp-cluster-dev/backend",
            "role_arn": "arn:aws:iam::365165252715:role/aws-service-role/ecs.application-autoscaling.amazonaws.com/AWSServiceRoleForApplicationAutoScaling_ECSService",
            "scalable_dimension": "ecs:service:DesiredCount",
            "service_namespace": "ecs",
            "suspended_state": [
              {
                "dynamic_scaling_in_suspended": false,
                "dynamic_scaling_out_suspended": false,
                "scheduled_scaling_suspended": false
              }
            ],
            "tags": null,
            "tags_all": {}
          },
          "sensitive_attributes": [],
          "identity_schema_version": 0,
          "private": "bnVsbA==",
          "dependencies": [
            "aws_cognito_user_pool.user_pool",
            "aws_db_instance.postgres",
            "aws_db_subnet_group.rds_subnet_group",
            "aws_ecr_repository.backend",
            "aws_s3_bucket.media",
            "aws_security_group.ecs_service",
            "aws_security_group.rds_sg",
            "data.aws_iam_role.lab_role",
            "module.alb.aws_lb_target_group.this",
            "module.ecs_cluster.module.cluster.aws_cloudwatch_log_group.this",
            "module.ecs_cluster.module.cluster.aws_ecs_cluster.this",
            "module.ecs_service_backend.aws_ecs_service.ignore_task_definition",
            "module.ecs_service_backend.aws_ecs_service.this",
            "module.ecs_service_backend.aws_ecs_task_definition.this",
            "module.ecs_service_backend.aws_iam_policy.service",
            "module.ecs_service_backend.aws_iam_policy.task_exec",
            "module.ecs_service_backend.aws_iam_role.infrastructure_iam_role",
            "module.ecs_service_backend.aws_iam_role.service",
            "module.ecs_service_backend.aws_iam_role.task_exec",
            "module.ecs_service_backend.aws_iam_role.tasks",
            "module.ecs_service_backend.aws_iam_role_policy_attachment.infrastructure_iam_role_ebs_policy",
            "module.ecs_service_backend.aws_iam_role_policy_attachment.service",
            "module.ecs_service_backend.aws_iam_role_policy_attachment.task_exec",
            "module.ecs_service_backend.aws_iam_role_policy_attachment.task_exec_additional",
            "module.ecs_service_backend.aws_iam_role_policy_attachment.tasks",
            "module.ecs_service_backend.aws_security_group.this",
            "module.ecs_service_backend.data.aws_caller_identity.current",
            "module.ecs_service_backend.data.aws_iam_policy_document.infrastructure_iam_role",
            "module.ecs_service_backend.data.aws_iam_policy_document.service",
            "module.ecs_service_backend.data.aws_iam_policy_document.service_assume",
            "module.ecs_service_backend.data.aws_iam_policy_document.task_exec",
            "module.ecs_service_backend.data.aws_iam_policy_document.task_exec_assume",
            "module.ecs_service_backend.data.aws_iam_policy_document.tasks_assume",
            "module.ecs_service_backend.data.aws_partition.current",
            "module.ecs_service_backend.data.aws_region.current",
            "module.ecs_service_backend.data.aws_subnet.this",
            "module.ecs_service_backend.module.container_definition.aws_cloudwatch_log_group.this",
            "module.ecs_service_backend.module.container_definition.data.aws_region.current",
            "module.vpc.aws_subnet.private",
            "module.vpc.aws_vpc.this",
            "module.vpc.aws_vpc_ipv4_cidr_block_association.this",
            "random_id.bucket_id"
          ]
        }
      ]
    },
    {
      "module": "module.ecs_service_backend",
      "mode": "managed",
      "type": "aws_ecs_service",
      "name": "this",
      "provider": "provider[\"registry.terraform.io/hashicorp/aws\"]",
      "instances": [
        {
          "index_key": 0,
          "schema_version": 1,
          "attributes": {
            "alarms": [],
            "arn": "arn:aws:ecs:us-east-1:365165252715:service/myapp-cluster-dev/backend",
            "availability_zone_rebalancing": "ENABLED",
            "capacity_provider_strategy": [],
            "cluster": "arn:aws:ecs:us-east-1:365165252715:cluster/myapp-cluster-dev",
            "deployment_circuit_breaker": [
              {
                "enable": false,
                "rollback": false
              }
            ],
            "deployment_configuration": [
              {
                "bake_time_in_minutes": "0",
                "lifecycle_hook": [],
                "strategy": "ROLLING"
              }
            ],
            "deployment_controller": [
              {
                "type": "ECS"
              }
            ],
            "deployment_maximum_percent": 200,
            "deployment_minimum_healthy_percent": 66,
            "desired_count": 1,
            "enable_ecs_managed_tags": true,
            "enable_execute_command": true,
            "force_delete": null,
            "force_new_deployment": true,
            "health_check_grace_period_seconds": 90,
            "iam_role": "/aws-service-role/ecs.amazonaws.com/AWSServiceRoleForECS",
            "id": "arn:aws:ecs:us-east-1:365165252715:service/myapp-cluster-dev/backend",
            "launch_type": "FARGATE",
            "load_balancer": [
              {
                "advanced_configuration": [],
                "container_name": "backend",
                "container_port": 8080,
                "elb_name": "",
                "target_group_arn": "arn:aws:elasticloadbalancing:us-east-1:365165252715:targetgroup/be-20251121201244671100000004/168873b7a239b706"
              }
            ],
            "name": "backend",
            "network_configuration": [
              {
                "assign_public_ip": false,
                "security_groups": [
                  "sg-025c0939408bcf376",
                  "sg-0aca1d20d2190a037"
                ],
                "subnets": [
                  "subnet-0727beb438b5ac0fd",
                  "subnet-0f6243b6c128148e5"
                ]
              }
            ],
            "ordered_placement_strategy": [],
            "placement_constraints": [],
            "platform_version": "LATEST",
            "propagate_tags": "NONE",
            "region": "us-east-1",
            "scheduling_strategy": "REPLICA",
            "service_connect_configuration": [],
            "service_registries": [],
            "sigint_rollback": null,
            "tags": null,
            "tags_all": {},
            "task_definition": "arn:aws:ecs:us-east-1:365165252715:task-definition/backend:19",
            "timeouts": null,
            "triggers": {},
            "volume_configuration": [],
            "vpc_lattice_configurations": [],
            "wait_for_steady_state": false
          },
          "sensitive_attributes": [],
          "identity_schema_version": 0,
          "private": "eyJlMmJmYjczMC1lY2FhLTExZTYtOGY4OC0zNDM2M2JjN2M0YzAiOnsiY3JlYXRlIjoxMjAwMDAwMDAwMDAwLCJkZWxldGUiOjEyMDAwMDAwMDAwMDAsInVwZGF0ZSI6MTIwMDAwMDAwMDAwMH0sInNjaGVtYV92ZXJzaW9uIjoiMSJ9",
          "dependencies": [
            "aws_cognito_user_pool.user_pool",
            "aws_db_instance.postgres",
            "aws_db_subnet_group.rds_subnet_group",
            "aws_ecr_repository.backend",
            "aws_s3_bucket.media",
            "aws_security_group.ecs_service",
            "aws_security_group.rds_sg",
            "data.aws_iam_role.lab_role",
            "module.alb.aws_lb_target_group.this",
            "module.ecs_cluster.module.cluster.aws_cloudwatch_log_group.this",
            "module.ecs_cluster.module.cluster.aws_ecs_cluster.this",
            "module.ecs_service_backend.aws_ecs_task_definition.this",
            "module.ecs_service_backend.aws_iam_policy.service",
            "module.ecs_service_backend.aws_iam_policy.task_exec",
            "module.ecs_service_backend.aws_iam_role.infrastructure_iam_role",
            "module.ecs_service_backend.aws_iam_role.service",
            "module.ecs_service_backend.aws_iam_role.task_exec",
            "module.ecs_service_backend.aws_iam_role.tasks",
            "module.ecs_service_backend.aws_iam_role_policy_attachment.infrastructure_iam_role_ebs_policy",
            "module.ecs_service_backend.aws_iam_role_policy_attachment.service",
            "module.ecs_service_backend.aws_iam_role_policy_attachment.task_exec",
            "module.ecs_service_backend.aws_iam_role_policy_attachment.task_exec_additional",
            "module.ecs_service_backend.aws_iam_role_policy_attachment.tasks",
            "module.ecs_service_backend.aws_security_group.this",
            "module.ecs_service_backend.data.aws_caller_identity.current",
            "module.ecs_service_backend.data.aws_iam_policy_document.infrastructure_iam_role",
            "module.ecs_service_backend.data.aws_iam_policy_document.service",
            "module.ecs_service_backend.data.aws_iam_policy_document.service_assume",
            "module.ecs_service_backend.data.aws_iam_policy_document.task_exec",
            "module.ecs_service_backend.data.aws_iam_policy_document.task_exec_assume",
            "module.ecs_service_backend.data.aws_iam_policy_document.tasks_assume",
            "module.ecs_service_backend.data.aws_partition.current",
            "module.ecs_service_backend.data.aws_region.current",
            "module.ecs_service_backend.data.aws_subnet.this",
            "module.ecs_service_backend.module.container_definition.aws_cloudwatch_log_group.this",
            "module.ecs_service_backend.module.container_definition.data.aws_region.current",
            "module.vpc.aws_subnet.private",
            "module.vpc.aws_vpc.this",
            "module.vpc.aws_vpc_ipv4_cidr_block_association.this",
            "random_id.bucket_id"
          ]
        }
      ]
    },
    {
      "module": "module.ecs_service_backend",
      "mode": "managed",
      "type": "aws_ecs_task_definition",
      "name": "this",
      "provider": "provider[\"registry.terraform.io/hashicorp/aws\"]",
      "instances": [
        {
          "index_key": 0,
          "schema_version": 1,
          "attributes": {
            "arn": "arn:aws:ecs:us-east-1:365165252715:task-definition/backend:19",
            "arn_without_revision": "arn:aws:ecs:us-east-1:365165252715:task-definition/backend",
            "container_definitions": "[{\"environment\":[{\"name\":\"AWS_REGION\",\"value\":\"us-east-1\"},{\"name\":\"COGNITO_USER_POOL_ID\",\"value\":\"us-east-1_1BsjcX1w7\"},{\"name\":\"S3_BUCKET\",\"value\":\"myapp-media-dev-2a463a00\"},{\"name\":\"SPRING_DATASOURCE_PASSWORD\",\"value\":\"postgres123\"},{\"name\":\"SPRING_DATASOURCE_URL\",\"value\":\"jdbc:postgresql://myapp-db-dev.ctqmzvoxyqek.us-east-1.rds.amazonaws.com:5432/myappdb\"},{\"name\":\"SPRING_DATASOURCE_USERNAME\",\"value\":\"postgres\"}],\"essential\":true,\"image\":\"365165252715.dkr.ecr.us-east-1.amazonaws.com/myapp-backend-dev:latest\",\"interactive\":false,\"linuxParameters\":{\"initProcessEnabled\":true},\"logConfiguration\":{\"logDriver\":\"awslogs\",\"options\":{\"awslogs-stream-prefix\":\"ecs\",\"awslogs-group\":\"/aws/ecs/backend/backend\",\"awslogs-region\":\"us-east-1\"}},\"mountPoints\":[{\"containerPath\":\"/tmp\",\"readOnly\":false,\"sourceVolume\":\"tomcat-tmp\"}],\"name\":\"backend\",\"portMappings\":[{\"containerPort\":8080,\"hostPort\":8080,\"protocol\":\"tcp\"}],\"privileged\":false,\"pseudoTerminal\":false,\"readonlyRootFilesystem\":true,\"restartPolicy\":{\"enabled\":true},\"startTimeout\":30,\"stopTimeout\":120,\"systemControls\":[],\"versionConsistency\":\"disabled\",\"volumesFrom\":[]}]",
            "cpu": "256",
            "enable_fault_injection": false,
            "ephemeral_storage": [],
            "execution_role_arn": "arn:aws:iam::365165252715:role/LabRole",
            "family": "backend",
            "id": "backend",
            "ipc_mode": "",
            "memory": "512",
            "network_mode": "awsvpc",
            "pid_mode": "",
            "placement_constraints": [],
            "proxy_configuration": [],
            "region": "us-east-1",
            "requires_compatibilities": [
              "FARGATE"
            ],
            "revision": 19,
            "runtime_platform": [
              {
                "cpu_architecture": "X86_64",
                "operating_system_family": "LINUX"
              }
            ],
            "skip_destroy": false,
            "tags": null,
            "tags_all": {},
            "task_role_arn": "arn:aws:iam::365165252715:role/LabRole",
            "track_latest": true,
            "volume": [
              {
                "configure_at_launch": false,
                "docker_volume_configuration": [],
                "efs_volume_configuration": [],
                "fsx_windows_file_server_volume_configuration": [],
                "host_path": "",
                "name": "tomcat-tmp"
              }
            ]
          },
          "sensitive_attributes": [
            [
              {
                "type": "get_attr",
                "value": "container_definitions"
              }
            ]
          ],
          "identity_schema_version": 0,
          "private": "eyJzY2hlbWFfdmVyc2lvbiI6IjEifQ==",
          "dependencies": [
            "aws_cognito_user_pool.user_pool",
            "aws_db_instance.postgres",
            "aws_db_subnet_group.rds_subnet_group",
            "aws_ecr_repository.backend",
            "aws_s3_bucket.media",
            "aws_security_group.rds_sg",
            "data.aws_iam_role.lab_role",
            "module.ecs_service_backend.aws_iam_policy.task_exec",
            "module.ecs_service_backend.aws_iam_role.task_exec",
            "module.ecs_service_backend.aws_iam_role.tasks",
            "module.ecs_service_backend.aws_iam_role_policy_attachment.task_exec",
            "module.ecs_service_backend.aws_iam_role_policy_attachment.task_exec_additional",
            "module.ecs_service_backend.aws_iam_role_policy_attachment.tasks",
            "module.ecs_service_backend.data.aws_caller_identity.current",
            "module.ecs_service_backend.data.aws_iam_policy_document.task_exec",
            "module.ecs_service_backend.data.aws_iam_policy_document.task_exec_assume",
            "module.ecs_service_backend.data.aws_iam_policy_document.tasks_assume",
            "module.ecs_service_backend.data.aws_partition.current",
            "module.ecs_service_backend.data.aws_region.current",
            "module.ecs_service_backend.module.container_definition.aws_cloudwatch_log_group.this",
            "module.ecs_service_backend.module.container_definition.data.aws_region.current",
            "module.vpc.aws_subnet.private",
            "module.vpc.aws_vpc.this",
            "module.vpc.aws_vpc_ipv4_cidr_block_association.this",
            "random_id.bucket_id"
          ],
          "create_before_destroy": true
        }
      ]
    },
    {
      "module": "module.ecs_service_backend",
      "mode": "managed",
      "type": "aws_security_group",
      "name": "this",
      "provider": "provider[\"registry.terraform.io/hashicorp/aws\"]",
      "instances": [
        {
          "index_key": 0,
          "schema_version": 1,
          "attributes": {
            "arn": "arn:aws:ec2:us-east-1:365165252715:security-group/sg-0aca1d20d2190a037",
            "description": "Managed by Terraform",
            "egress": [],
            "id": "sg-0aca1d20d2190a037",
            "ingress": [],
            "name": "backend-20251121201246929100000007",
            "name_prefix": "backend-",
            "owner_id": "365165252715",
            "region": "us-east-1",
            "revoke_rules_on_delete": false,
            "tags": {
              "Name": "backend"
            },
            "tags_all": {
              "Name": "backend"
            },
            "timeouts": null,
            "vpc_id": "vpc-04d9251bfeebfea3a"
          },
          "sensitive_attributes": [],
          "identity_schema_version": 0,
          "identity": {
            "account_id": "365165252715",
            "id": "sg-0aca1d20d2190a037",
            "region": "us-east-1"
          },
          "private": "eyJlMmJmYjczMC1lY2FhLTExZTYtOGY4OC0zNDM2M2JjN2M0YzAiOnsiY3JlYXRlIjo2MDAwMDAwMDAwMDAsImRlbGV0ZSI6OTAwMDAwMDAwMDAwfSwic2NoZW1hX3ZlcnNpb24iOiIxIn0=",
          "dependencies": [
            "module.ecs_service_backend.data.aws_subnet.this",
            "module.vpc.aws_subnet.private",
            "module.vpc.aws_vpc.this",
            "module.vpc.aws_vpc_ipv4_cidr_block_association.this"
          ],
          "create_before_destroy": true
        }
      ]
    },
    {
      "module": "module.ecs_service_backend.module.container_definition[\"backend\"]",
      "mode": "data",
      "type": "aws_region",
      "name": "current",
      "provider": "provider[\"registry.terraform.io/hashicorp/aws\"]",
      "instances": [
        {
          "schema_version": 0,
          "attributes": {
            "description": "US East (N. Virginia)",
            "endpoint": "ec2.us-east-1.amazonaws.com",
            "id": "us-east-1",
            "name": "us-east-1",
            "region": "us-east-1"
          },
          "sensitive_attributes": [],
          "identity_schema_version": 0
        }
      ]
    },
    {
      "module": "module.ecs_service_backend.module.container_definition[\"backend\"]",
      "mode": "managed",
      "type": "aws_cloudwatch_log_group",
      "name": "this",
      "provider": "provider[\"registry.terraform.io/hashicorp/aws\"]",
      "instances": [
        {
          "index_key": 0,
          "schema_version": 0,
          "attributes": {
            "arn": "arn:aws:logs:us-east-1:365165252715:log-group:/aws/ecs/backend/backend",
            "id": "/aws/ecs/backend/backend",
            "kms_key_id": "",
            "log_group_class": "STANDARD",
            "name": "/aws/ecs/backend/backend",
            "name_prefix": "",
            "region": "us-east-1",
            "retention_in_days": 14,
            "skip_destroy": false,
            "tags": null,
            "tags_all": {}
          },
          "sensitive_attributes": [],
          "identity_schema_version": 0,
          "identity": {
            "account_id": "365165252715",
            "name": "/aws/ecs/backend/backend",
            "region": "us-east-1"
          },
          "private": "bnVsbA==",
          "dependencies": [
            "aws_cognito_user_pool.user_pool",
            "aws_db_instance.postgres",
            "aws_db_subnet_group.rds_subnet_group",
            "aws_ecr_repository.backend",
            "aws_s3_bucket.media",
            "aws_security_group.rds_sg",
            "module.vpc.aws_subnet.private",
            "module.vpc.aws_vpc.this",
            "module.vpc.aws_vpc_ipv4_cidr_block_association.this",
            "random_id.bucket_id"
          ],
          "create_before_destroy": true
        }
      ]
    },
    {
      "module": "module.ecs_service_frontend",
      "mode": "data",
      "type": "aws_caller_identity",
      "name": "current",
      "provider": "provider[\"registry.terraform.io/hashicorp/aws\"]",
      "instances": [
        {
          "index_key": 0,
          "schema_version": 0,
          "attributes": {
            "account_id": "365165252715",
            "arn": "arn:aws:sts::365165252715:assumed-role/voclabs/user4532854=Bartosz_Ma__yjasiak",
            "id": "365165252715",
            "user_id": "AROAVKBMLSBVWTNH667XJ:user4532854=Bartosz_Ma__yjasiak"
          },
          "sensitive_attributes": [],
          "identity_schema_version": 0
        }
      ]
    },
    {
      "module": "module.ecs_service_frontend",
      "mode": "data",
      "type": "aws_partition",
      "name": "current",
      "provider": "provider[\"registry.terraform.io/hashicorp/aws\"]",
      "instances": [
        {
          "index_key": 0,
          "schema_version": 0,
          "attributes": {
            "dns_suffix": "amazonaws.com",
            "id": "aws",
            "partition": "aws",
            "reverse_dns_prefix": "com.amazonaws"
          },
          "sensitive_attributes": [],
          "identity_schema_version": 0
        }
      ]
    },
    {
      "module": "module.ecs_service_frontend",
      "mode": "data",
      "type": "aws_region",
      "name": "current",
      "provider": "provider[\"registry.terraform.io/hashicorp/aws\"]",
      "instances": [
        {
          "index_key": 0,
          "schema_version": 0,
          "attributes": {
            "description": "US East (N. Virginia)",
            "endpoint": "ec2.us-east-1.amazonaws.com",
            "id": "us-east-1",
            "name": "us-east-1",
            "region": "us-east-1"
          },
          "sensitive_attributes": [],
          "identity_schema_version": 0
        }
      ]
    },
    {
      "module": "module.ecs_service_frontend",
      "mode": "data",
      "type": "aws_subnet",
      "name": "this",
      "provider": "provider[\"registry.terraform.io/hashicorp/aws\"]",
      "instances": [
        {
          "index_key": 0,
          "schema_version": 0,
          "attributes": {
            "arn": "arn:aws:ec2:us-east-1:365165252715:subnet/subnet-0727beb438b5ac0fd",
            "assign_ipv6_address_on_creation": false,
            "availability_zone": "us-east-1a",
            "availability_zone_id": "use1-az4",
            "available_ip_address_count": 251,
            "cidr_block": "10.0.1.0/24",
            "customer_owned_ipv4_pool": "",
            "default_for_az": false,
            "enable_dns64": false,
            "enable_lni_at_device_index": 0,
            "enable_resource_name_dns_a_record_on_launch": false,
            "enable_resource_name_dns_aaaa_record_on_launch": false,
            "filter": null,
            "id": "subnet-0727beb438b5ac0fd",
            "ipv6_cidr_block": "",
            "ipv6_cidr_block_association_id": "",
            "ipv6_native": false,
            "map_customer_owned_ip_on_launch": false,
            "map_public_ip_on_launch": false,
            "outpost_arn": "",
            "owner_id": "365165252715",
            "private_dns_hostname_type_on_launch": "ip-name",
            "region": "us-east-1",
            "state": "available",
            "tags": {
              "Name": "myapp-vpc-dev-private-us-east-1a"
            },
            "timeouts": null,
            "vpc_id": "vpc-04d9251bfeebfea3a"
          },
          "sensitive_attributes": [],
          "identity_schema_version": 0
        }
      ]
    },
    {
      "module": "module.ecs_service_frontend",
      "mode": "managed",
      "type": "aws_appautoscaling_policy",
      "name": "this",
      "provider": "provider[\"registry.terraform.io/hashicorp/aws\"]",
      "instances": [
        {
          "index_key": "cpu",
          "schema_version": 0,
          "attributes": {
            "alarm_arns": [
              "arn:aws:cloudwatch:us-east-1:365165252715:alarm:TargetTracking-service/myapp-cluster-dev/frontend-AlarmHigh-dd55e905-2b48-412c-ad30-86830bc71b3e",
              "arn:aws:cloudwatch:us-east-1:365165252715:alarm:TargetTracking-service/myapp-cluster-dev/frontend-AlarmLow-14e314bc-0fc6-4a74-8f53-a54e33bd7d46"
            ],
            "arn": "arn:aws:autoscaling:us-east-1:365165252715:scalingPolicy:92aa3ed2-c856-44e1-94b0-2359a30b3844:resource/ecs/service/myapp-cluster-dev/frontend:policyName/cpu",
            "id": "cpu",
            "name": "cpu",
            "policy_type": "TargetTrackingScaling",
            "predictive_scaling_policy_configuration": [],
            "region": "us-east-1",
            "resource_id": "service/myapp-cluster-dev/frontend",
            "scalable_dimension": "ecs:service:DesiredCount",
            "service_namespace": "ecs",
            "step_scaling_policy_configuration": [],
            "target_tracking_scaling_policy_configuration": [
              {
                "customized_metric_specification": [],
                "disable_scale_in": false,
                "predefined_metric_specification": [
                  {
                    "predefined_metric_type": "ECSServiceAverageCPUUtilization",
                    "resource_label": ""
                  }
                ],
                "scale_in_cooldown": 300,
                "scale_out_cooldown": 60,
                "target_value": 75
              }
            ]
          },
          "sensitive_attributes": [],
          "identity_schema_version": 0,
          "private": "bnVsbA==",
          "dependencies": [
            "aws_cognito_user_pool.user_pool",
            "aws_cognito_user_pool_client.app_client",
            "aws_ecr_repository.frontend",
            "aws_security_group.ecs_service",
            "data.aws_iam_role.lab_role",
            "module.alb.aws_lb_target_group.this",
            "module.ecs_cluster.module.cluster.aws_cloudwatch_log_group.this",
            "module.ecs_cluster.module.cluster.aws_ecs_cluster.this",
            "module.ecs_service_frontend.aws_appautoscaling_target.this",
            "module.ecs_service_frontend.aws_ecs_service.ignore_task_definition",
            "module.ecs_service_frontend.aws_ecs_service.this",
            "module.ecs_service_frontend.aws_ecs_task_definition.this",
            "module.ecs_service_frontend.aws_iam_policy.service",
            "module.ecs_service_frontend.aws_iam_policy.task_exec",
            "module.ecs_service_frontend.aws_iam_role.infrastructure_iam_role",
            "module.ecs_service_frontend.aws_iam_role.service",
            "module.ecs_service_frontend.aws_iam_role.task_exec",
            "module.ecs_service_frontend.aws_iam_role.tasks",
            "module.ecs_service_frontend.aws_iam_role_policy_attachment.infrastructure_iam_role_ebs_policy",
            "module.ecs_service_frontend.aws_iam_role_policy_attachment.service",
            "module.ecs_service_frontend.aws_iam_role_policy_attachment.task_exec",
            "module.ecs_service_frontend.aws_iam_role_policy_attachment.task_exec_additional",
            "module.ecs_service_frontend.aws_iam_role_policy_attachment.tasks",
            "module.ecs_service_frontend.aws_security_group.this",
            "module.ecs_service_frontend.data.aws_caller_identity.current",
            "module.ecs_service_frontend.data.aws_iam_policy_document.infrastructure_iam_role",
            "module.ecs_service_frontend.data.aws_iam_policy_document.service",
            "module.ecs_service_frontend.data.aws_iam_policy_document.service_assume",
            "module.ecs_service_frontend.data.aws_iam_policy_document.task_exec",
            "module.ecs_service_frontend.data.aws_iam_policy_document.task_exec_assume",
            "module.ecs_service_frontend.data.aws_iam_policy_document.tasks_assume",
            "module.ecs_service_frontend.data.aws_partition.current",
            "module.ecs_service_frontend.data.aws_region.current",
            "module.ecs_service_frontend.data.aws_subnet.this",
            "module.ecs_service_frontend.module.container_definition.aws_cloudwatch_log_group.this",
            "module.ecs_service_frontend.module.container_definition.data.aws_region.current",
            "module.vpc.aws_subnet.private",
            "module.vpc.aws_vpc.this",
            "module.vpc.aws_vpc_ipv4_cidr_block_association.this"
          ]
        },
        {
          "index_key": "memory",
          "schema_version": 0,
          "attributes": {
            "alarm_arns": [
              "arn:aws:cloudwatch:us-east-1:365165252715:alarm:TargetTracking-service/myapp-cluster-dev/frontend-AlarmHigh-d123e4af-0054-4f00-a351-edbc83d141f3",
              "arn:aws:cloudwatch:us-east-1:365165252715:alarm:TargetTracking-service/myapp-cluster-dev/frontend-AlarmLow-d908deb7-0748-4251-9a3d-734c545bb7df"
            ],
            "arn": "arn:aws:autoscaling:us-east-1:365165252715:scalingPolicy:92aa3ed2-c856-44e1-94b0-2359a30b3844:resource/ecs/service/myapp-cluster-dev/frontend:policyName/memory",
            "id": "memory",
            "name": "memory",
            "policy_type": "TargetTrackingScaling",
            "predictive_scaling_policy_configuration": [],
            "region": "us-east-1",
            "resource_id": "service/myapp-cluster-dev/frontend",
            "scalable_dimension": "ecs:service:DesiredCount",
            "service_namespace": "ecs",
            "step_scaling_policy_configuration": [],
            "target_tracking_scaling_policy_configuration": [
              {
                "customized_metric_specification": [],
                "disable_scale_in": false,
                "predefined_metric_specification": [
                  {
                    "predefined_metric_type": "ECSServiceAverageMemoryUtilization",
                    "resource_label": ""
                  }
                ],
                "scale_in_cooldown": 300,
                "scale_out_cooldown": 60,
                "target_value": 75
              }
            ]
          },
          "sensitive_attributes": [],
          "identity_schema_version": 0,
          "private": "bnVsbA==",
          "dependencies": [
            "aws_cognito_user_pool.user_pool",
            "aws_cognito_user_pool_client.app_client",
            "aws_ecr_repository.frontend",
            "aws_security_group.ecs_service",
            "data.aws_iam_role.lab_role",
            "module.alb.aws_lb_target_group.this",
            "module.ecs_cluster.module.cluster.aws_cloudwatch_log_group.this",
            "module.ecs_cluster.module.cluster.aws_ecs_cluster.this",
            "module.ecs_service_frontend.aws_appautoscaling_target.this",
            "module.ecs_service_frontend.aws_ecs_service.ignore_task_definition",
            "module.ecs_service_frontend.aws_ecs_service.this",
            "module.ecs_service_frontend.aws_ecs_task_definition.this",
            "module.ecs_service_frontend.aws_iam_policy.service",
            "module.ecs_service_frontend.aws_iam_policy.task_exec",
            "module.ecs_service_frontend.aws_iam_role.infrastructure_iam_role",
            "module.ecs_service_frontend.aws_iam_role.service",
            "module.ecs_service_frontend.aws_iam_role.task_exec",
            "module.ecs_service_frontend.aws_iam_role.tasks",
            "module.ecs_service_frontend.aws_iam_role_policy_attachment.infrastructure_iam_role_ebs_policy",
            "module.ecs_service_frontend.aws_iam_role_policy_attachment.service",
            "module.ecs_service_frontend.aws_iam_role_policy_attachment.task_exec",
            "module.ecs_service_frontend.aws_iam_role_policy_attachment.task_exec_additional",
            "module.ecs_service_frontend.aws_iam_role_policy_attachment.tasks",
            "module.ecs_service_frontend.aws_security_group.this",
            "module.ecs_service_frontend.data.aws_caller_identity.current",
            "module.ecs_service_frontend.data.aws_iam_policy_document.infrastructure_iam_role",
            "module.ecs_service_frontend.data.aws_iam_policy_document.service",
            "module.ecs_service_frontend.data.aws_iam_policy_document.service_assume",
            "module.ecs_service_frontend.data.aws_iam_policy_document.task_exec",
            "module.ecs_service_frontend.data.aws_iam_policy_document.task_exec_assume",
            "module.ecs_service_frontend.data.aws_iam_policy_document.tasks_assume",
            "module.ecs_service_frontend.data.aws_partition.current",
            "module.ecs_service_frontend.data.aws_region.current",
            "module.ecs_service_frontend.data.aws_subnet.this",
            "module.ecs_service_frontend.module.container_definition.aws_cloudwatch_log_group.this",
            "module.ecs_service_frontend.module.container_definition.data.aws_region.current",
            "module.vpc.aws_subnet.private",
            "module.vpc.aws_vpc.this",
            "module.vpc.aws_vpc_ipv4_cidr_block_association.this"
          ]
        }
      ]
    },
    {
      "module": "module.ecs_service_frontend",
      "mode": "managed",
      "type": "aws_appautoscaling_target",
      "name": "this",
      "provider": "provider[\"registry.terraform.io/hashicorp/aws\"]",
      "instances": [
        {
          "index_key": 0,
          "schema_version": 0,
          "attributes": {
            "arn": "arn:aws:application-autoscaling:us-east-1:365165252715:scalable-target/0ec592aa3ed2c85644e194b02359a30b3844",
            "id": "service/myapp-cluster-dev/frontend",
            "max_capacity": 10,
            "min_capacity": 1,
            "region": "us-east-1",
            "resource_id": "service/myapp-cluster-dev/frontend",
            "role_arn": "arn:aws:iam::365165252715:role/aws-service-role/ecs.application-autoscaling.amazonaws.com/AWSServiceRoleForApplicationAutoScaling_ECSService",
            "scalable_dimension": "ecs:service:DesiredCount",
            "service_namespace": "ecs",
            "suspended_state": [
              {
                "dynamic_scaling_in_suspended": false,
                "dynamic_scaling_out_suspended": false,
                "scheduled_scaling_suspended": false
              }
            ],
            "tags": null,
            "tags_all": {}
          },
          "sensitive_attributes": [],
          "identity_schema_version": 0,
          "private": "bnVsbA==",
          "dependencies": [
            "aws_cognito_user_pool.user_pool",
            "aws_cognito_user_pool_client.app_client",
            "aws_ecr_repository.frontend",
            "aws_security_group.ecs_service",
            "data.aws_iam_role.lab_role",
            "module.alb.aws_lb_target_group.this",
            "module.ecs_cluster.module.cluster.aws_cloudwatch_log_group.this",
            "module.ecs_cluster.module.cluster.aws_ecs_cluster.this",
            "module.ecs_service_frontend.aws_ecs_service.ignore_task_definition",
            "module.ecs_service_frontend.aws_ecs_service.this",
            "module.ecs_service_frontend.aws_ecs_task_definition.this",
            "module.ecs_service_frontend.aws_iam_policy.service",
            "module.ecs_service_frontend.aws_iam_policy.task_exec",
            "module.ecs_service_frontend.aws_iam_role.infrastructure_iam_role",
            "module.ecs_service_frontend.aws_iam_role.service",
            "module.ecs_service_frontend.aws_iam_role.task_exec",
            "module.ecs_service_frontend.aws_iam_role.tasks",
            "module.ecs_service_frontend.aws_iam_role_policy_attachment.infrastructure_iam_role_ebs_policy",
            "module.ecs_service_frontend.aws_iam_role_policy_attachment.service",
            "module.ecs_service_frontend.aws_iam_role_policy_attachment.task_exec",
            "module.ecs_service_frontend.aws_iam_role_policy_attachment.task_exec_additional",
            "module.ecs_service_frontend.aws_iam_role_policy_attachment.tasks",
            "module.ecs_service_frontend.aws_security_group.this",
            "module.ecs_service_frontend.data.aws_caller_identity.current",
            "module.ecs_service_frontend.data.aws_iam_policy_document.infrastructure_iam_role",
            "module.ecs_service_frontend.data.aws_iam_policy_document.service",
            "module.ecs_service_frontend.data.aws_iam_policy_document.service_assume",
            "module.ecs_service_frontend.data.aws_iam_policy_document.task_exec",
            "module.ecs_service_frontend.data.aws_iam_policy_document.task_exec_assume",
            "module.ecs_service_frontend.data.aws_iam_policy_document.tasks_assume",
            "module.ecs_service_frontend.data.aws_partition.current",
            "module.ecs_service_frontend.data.aws_region.current",
            "module.ecs_service_frontend.data.aws_subnet.this",
            "module.ecs_service_frontend.module.container_definition.aws_cloudwatch_log_group.this",
            "module.ecs_service_frontend.module.container_definition.data.aws_region.current",
            "module.vpc.aws_subnet.private",
            "module.vpc.aws_vpc.this",
            "module.vpc.aws_vpc_ipv4_cidr_block_association.this"
          ]
        }
      ]
    },
    {
      "module": "module.ecs_service_frontend",
      "mode": "managed",
      "type": "aws_ecs_service",
      "name": "this",
      "provider": "provider[\"registry.terraform.io/hashicorp/aws\"]",
      "instances": [
        {
          "index_key": 0,
          "schema_version": 1,
          "attributes": {
            "alarms": [],
            "arn": "arn:aws:ecs:us-east-1:365165252715:service/myapp-cluster-dev/frontend",
            "availability_zone_rebalancing": "ENABLED",
            "capacity_provider_strategy": [],
            "cluster": "arn:aws:ecs:us-east-1:365165252715:cluster/myapp-cluster-dev",
            "deployment_circuit_breaker": [
              {
                "enable": false,
                "rollback": false
              }
            ],
            "deployment_configuration": [
              {
                "bake_time_in_minutes": "0",
                "lifecycle_hook": [],
                "strategy": "ROLLING"
              }
            ],
            "deployment_controller": [
              {
                "type": "ECS"
              }
            ],
            "deployment_maximum_percent": 200,
            "deployment_minimum_healthy_percent": 66,
            "desired_count": 1,
            "enable_ecs_managed_tags": true,
            "enable_execute_command": true,
            "force_delete": null,
            "force_new_deployment": true,
            "health_check_grace_period_seconds": 0,
            "iam_role": "/aws-service-role/ecs.amazonaws.com/AWSServiceRoleForECS",
            "id": "arn:aws:ecs:us-east-1:365165252715:service/myapp-cluster-dev/frontend",
            "launch_type": "FARGATE",
            "load_balancer": [
              {
                "advanced_configuration": [],
                "container_name": "frontend",
                "container_port": 80,
                "elb_name": "",
                "target_group_arn": "arn:aws:elasticloadbalancing:us-east-1:365165252715:targetgroup/fe-20251121201244694900000005/bdf9f6e18950440f"
              }
            ],
            "name": "frontend",
            "network_configuration": [
              {
                "assign_public_ip": false,
                "security_groups": [
                  "sg-025c0939408bcf376",
                  "sg-0775ecf06c11c46e1"
                ],
                "subnets": [
                  "subnet-0727beb438b5ac0fd",
                  "subnet-0f6243b6c128148e5"
                ]
              }
            ],
            "ordered_placement_strategy": [],
            "placement_constraints": [],
            "platform_version": "LATEST",
            "propagate_tags": "NONE",
            "region": "us-east-1",
            "scheduling_strategy": "REPLICA",
            "service_connect_configuration": [],
            "service_registries": [],
            "sigint_rollback": null,
            "tags": null,
            "tags_all": {},
            "task_definition": "arn:aws:ecs:us-east-1:365165252715:task-definition/frontend:22",
            "timeouts": null,
            "triggers": {},
            "volume_configuration": [],
            "vpc_lattice_configurations": [],
            "wait_for_steady_state": false
          },
          "sensitive_attributes": [],
          "identity_schema_version": 0,
          "private": "eyJlMmJmYjczMC1lY2FhLTExZTYtOGY4OC0zNDM2M2JjN2M0YzAiOnsiY3JlYXRlIjoxMjAwMDAwMDAwMDAwLCJkZWxldGUiOjEyMDAwMDAwMDAwMDAsInVwZGF0ZSI6MTIwMDAwMDAwMDAwMH0sInNjaGVtYV92ZXJzaW9uIjoiMSJ9",
          "dependencies": [
            "aws_cognito_user_pool.user_pool",
            "aws_cognito_user_pool_client.app_client",
            "aws_ecr_repository.frontend",
            "aws_security_group.ecs_service",
            "data.aws_iam_role.lab_role",
            "module.alb.aws_lb_target_group.this",
            "module.ecs_cluster.module.cluster.aws_cloudwatch_log_group.this",
            "module.ecs_cluster.module.cluster.aws_ecs_cluster.this",
            "module.ecs_service_frontend.aws_ecs_task_definition.this",
            "module.ecs_service_frontend.aws_iam_policy.service",
            "module.ecs_service_frontend.aws_iam_policy.task_exec",
            "module.ecs_service_frontend.aws_iam_role.infrastructure_iam_role",
            "module.ecs_service_frontend.aws_iam_role.service",
            "module.ecs_service_frontend.aws_iam_role.task_exec",
            "module.ecs_service_frontend.aws_iam_role.tasks",
            "module.ecs_service_frontend.aws_iam_role_policy_attachment.infrastructure_iam_role_ebs_policy",
            "module.ecs_service_frontend.aws_iam_role_policy_attachment.service",
            "module.ecs_service_frontend.aws_iam_role_policy_attachment.task_exec",
            "module.ecs_service_frontend.aws_iam_role_policy_attachment.task_exec_additional",
            "module.ecs_service_frontend.aws_iam_role_policy_attachment.tasks",
            "module.ecs_service_frontend.aws_security_group.this",
            "module.ecs_service_frontend.data.aws_caller_identity.current",
            "module.ecs_service_frontend.data.aws_iam_policy_document.infrastructure_iam_role",
            "module.ecs_service_frontend.data.aws_iam_policy_document.service",
            "module.ecs_service_frontend.data.aws_iam_policy_document.service_assume",
            "module.ecs_service_frontend.data.aws_iam_policy_document.task_exec",
            "module.ecs_service_frontend.data.aws_iam_policy_document.task_exec_assume",
            "module.ecs_service_frontend.data.aws_iam_policy_document.tasks_assume",
            "module.ecs_service_frontend.data.aws_partition.current",
            "module.ecs_service_frontend.data.aws_region.current",
            "module.ecs_service_frontend.data.aws_subnet.this",
            "module.ecs_service_frontend.module.container_definition.aws_cloudwatch_log_group.this",
            "module.ecs_service_frontend.module.container_definition.data.aws_region.current",
            "module.vpc.aws_subnet.private",
            "module.vpc.aws_vpc.this",
            "module.vpc.aws_vpc_ipv4_cidr_block_association.this"
          ]
        }
      ]
    },
    {
      "module": "module.ecs_service_frontend",
      "mode": "managed",
      "type": "aws_ecs_task_definition",
      "name": "this",
      "provider": "provider[\"registry.terraform.io/hashicorp/aws\"]",
      "instances": [
        {
          "index_key": 0,
          "schema_version": 1,
          "attributes": {
            "arn": "arn:aws:ecs:us-east-1:365165252715:task-definition/frontend:22",
            "arn_without_revision": "arn:aws:ecs:us-east-1:365165252715:task-definition/frontend",
            "container_definitions": "[{\"environment\":[{\"name\":\"COGNITO_APP_CLIENT_ID\",\"value\":\"3ckru0vki55jneqf9qqmb58gp8\"},{\"name\":\"COGNITO_REGION\",\"value\":\"us-east-1\"},{\"name\":\"COGNITO_USER_POOL_ID\",\"value\":\"us-east-1_1BsjcX1w7\"}],\"essential\":true,\"image\":\"365165252715.dkr.ecr.us-east-1.amazonaws.com/myapp-frontend-dev:latest\",\"interactive\":false,\"linuxParameters\":{\"initProcessEnabled\":true},\"logConfiguration\":{\"logDriver\":\"awslogs\",\"options\":{\"awslogs-group\":\"/aws/ecs/frontend/frontend\",\"awslogs-region\":\"us-east-1\",\"awslogs-stream-prefix\":\"ecs\"}},\"mountPoints\":[{\"containerPath\":\"/var/cache/nginx\",\"readOnly\":false,\"sourceVolume\":\"nginx-cache\"},{\"containerPath\":\"/var/run\",\"readOnly\":false,\"sourceVolume\":\"nginx-run\"},{\"containerPath\":\"/tmp\",\"readOnly\":false,\"sourceVolume\":\"nginx-tmp\"}],\"name\":\"frontend\",\"portMappings\":[{\"containerPort\":80,\"hostPort\":80,\"protocol\":\"tcp\"}],\"privileged\":false,\"pseudoTerminal\":false,\"readonlyRootFilesystem\":true,\"restartPolicy\":{\"enabled\":true},\"startTimeout\":30,\"stopTimeout\":120,\"systemControls\":[],\"versionConsistency\":\"disabled\",\"volumesFrom\":[]}]",
            "cpu": "256",
            "enable_fault_injection": false,
            "ephemeral_storage": [],
            "execution_role_arn": "arn:aws:iam::365165252715:role/LabRole",
            "family": "frontend",
            "id": "frontend",
            "ipc_mode": "",
            "memory": "512",
            "network_mode": "awsvpc",
            "pid_mode": "",
            "placement_constraints": [],
            "proxy_configuration": [],
            "region": "us-east-1",
            "requires_compatibilities": [
              "FARGATE"
            ],
            "revision": 22,
            "runtime_platform": [
              {
                "cpu_architecture": "X86_64",
                "operating_system_family": "LINUX"
              }
            ],
            "skip_destroy": false,
            "tags": null,
            "tags_all": {},
            "task_role_arn": "arn:aws:iam::365165252715:role/LabRole",
            "track_latest": true,
            "volume": [
              {
                "configure_at_launch": false,
                "docker_volume_configuration": [],
                "efs_volume_configuration": [],
                "fsx_windows_file_server_volume_configuration": [],
                "host_path": "",
                "name": "nginx-cache"
              },
              {
                "configure_at_launch": false,
                "docker_volume_configuration": [],
                "efs_volume_configuration": [],
                "fsx_windows_file_server_volume_configuration": [],
                "host_path": "",
                "name": "nginx-run"
              },
              {
                "configure_at_launch": false,
                "docker_volume_configuration": [],
                "efs_volume_configuration": [],
                "fsx_windows_file_server_volume_configuration": [],
                "host_path": "",
                "name": "nginx-tmp"
              }
            ]
          },
          "sensitive_attributes": [],
          "identity_schema_version": 0,
          "private": "eyJzY2hlbWFfdmVyc2lvbiI6IjEifQ==",
          "dependencies": [
            "aws_cognito_user_pool.user_pool",
            "aws_cognito_user_pool_client.app_client",
            "aws_ecr_repository.frontend",
            "data.aws_iam_role.lab_role",
            "module.ecs_service_frontend.aws_iam_policy.task_exec",
            "module.ecs_service_frontend.aws_iam_role.task_exec",
            "module.ecs_service_frontend.aws_iam_role.tasks",
            "module.ecs_service_frontend.aws_iam_role_policy_attachment.task_exec",
            "module.ecs_service_frontend.aws_iam_role_policy_attachment.task_exec_additional",
            "module.ecs_service_frontend.aws_iam_role_policy_attachment.tasks",
            "module.ecs_service_frontend.data.aws_caller_identity.current",
            "module.ecs_service_frontend.data.aws_iam_policy_document.task_exec",
            "module.ecs_service_frontend.data.aws_iam_policy_document.task_exec_assume",
            "module.ecs_service_frontend.data.aws_iam_policy_document.tasks_assume",
            "module.ecs_service_frontend.data.aws_partition.current",
            "module.ecs_service_frontend.data.aws_region.current",
            "module.ecs_service_frontend.module.container_definition.aws_cloudwatch_log_group.this",
            "module.ecs_service_frontend.module.container_definition.data.aws_region.current"
          ],
          "create_before_destroy": true
        }
      ]
    },
    {
      "module": "module.ecs_service_frontend",
      "mode": "managed",
      "type": "aws_security_group",
      "name": "this",
      "provider": "provider[\"registry.terraform.io/hashicorp/aws\"]",
      "instances": [
        {
          "index_key": 0,
          "schema_version": 1,
          "attributes": {
            "arn": "arn:aws:ec2:us-east-1:365165252715:security-group/sg-0775ecf06c11c46e1",
            "description": "Managed by Terraform",
            "egress": [],
            "id": "sg-0775ecf06c11c46e1",
            "ingress": [],
            "name": "frontend-20251121202954208000000001",
            "name_prefix": "frontend-",
            "owner_id": "365165252715",
            "region": "us-east-1",
            "revoke_rules_on_delete": false,
            "tags": {
              "Name": "frontend"
            },
            "tags_all": {
              "Name": "frontend"
            },
            "timeouts": null,
            "vpc_id": "vpc-04d9251bfeebfea3a"
          },
          "sensitive_attributes": [],
          "identity_schema_version": 0,
          "identity": {
            "account_id": "365165252715",
            "id": "sg-0775ecf06c11c46e1",
            "region": "us-east-1"
          },
          "private": "eyJlMmJmYjczMC1lY2FhLTExZTYtOGY4OC0zNDM2M2JjN2M0YzAiOnsiY3JlYXRlIjo2MDAwMDAwMDAwMDAsImRlbGV0ZSI6OTAwMDAwMDAwMDAwfSwic2NoZW1hX3ZlcnNpb24iOiIxIn0=",
          "dependencies": [
            "module.ecs_service_frontend.data.aws_subnet.this",
            "module.vpc.aws_subnet.private",
            "module.vpc.aws_vpc.this",
            "module.vpc.aws_vpc_ipv4_cidr_block_association.this"
          ],
          "create_before_destroy": true
        }
      ]
    },
    {
      "module": "module.ecs_service_frontend.module.container_definition[\"frontend\"]",
      "mode": "data",
      "type": "aws_region",
      "name": "current",
      "provider": "provider[\"registry.terraform.io/hashicorp/aws\"]",
      "instances": [
        {
          "schema_version": 0,
          "attributes": {
            "description": "US East (N. Virginia)",
            "endpoint": "ec2.us-east-1.amazonaws.com",
            "id": "us-east-1",
            "name": "us-east-1",
            "region": "us-east-1"
          },
          "sensitive_attributes": [],
          "identity_schema_version": 0
        }
      ]
    },
    {
      "module": "module.ecs_service_frontend.module.container_definition[\"frontend\"]",
      "mode": "managed",
      "type": "aws_cloudwatch_log_group",
      "name": "this",
      "provider": "provider[\"registry.terraform.io/hashicorp/aws\"]",
      "instances": [
        {
          "index_key": 0,
          "schema_version": 0,
          "attributes": {
            "arn": "arn:aws:logs:us-east-1:365165252715:log-group:/aws/ecs/frontend/frontend",
            "id": "/aws/ecs/frontend/frontend",
            "kms_key_id": "",
            "log_group_class": "STANDARD",
            "name": "/aws/ecs/frontend/frontend",
            "name_prefix": "",
            "region": "us-east-1",
            "retention_in_days": 14,
            "skip_destroy": false,
            "tags": null,
            "tags_all": {}
          },
          "sensitive_attributes": [],
          "identity_schema_version": 0,
          "identity": {
            "account_id": "365165252715",
            "name": "/aws/ecs/frontend/frontend",
            "region": "us-east-1"
          },
          "private": "bnVsbA==",
          "dependencies": [
            "aws_cognito_user_pool.user_pool",
            "aws_cognito_user_pool_client.app_client",
            "aws_ecr_repository.frontend"
          ],
          "create_before_destroy": true
        }
      ]
    },
    {
      "module": "module.vpc",
      "mode": "managed",
      "type": "aws_default_network_acl",
      "name": "this",
      "provider": "provider[\"registry.terraform.io/hashicorp/aws\"]",
      "instances": [
        {
          "index_key": 0,
          "schema_version": 0,
          "attributes": {
            "arn": "arn:aws:ec2:us-east-1:365165252715:network-acl/acl-0442ea01bc53f68bd",
            "default_network_acl_id": "acl-0442ea01bc53f68bd",
            "egress": [
              {
                "action": "allow",
                "cidr_block": "",
                "from_port": 0,
                "icmp_code": null,
                "icmp_type": null,
                "ipv6_cidr_block": "::/0",
                "protocol": "-1",
                "rule_no": 101,
                "to_port": 0
              },
              {
                "action": "allow",
                "cidr_block": "0.0.0.0/0",
                "from_port": 0,
                "icmp_code": null,
                "icmp_type": null,
                "ipv6_cidr_block": "",
                "protocol": "-1",
                "rule_no": 100,
                "to_port": 0
              }
            ],
            "id": "acl-0442ea01bc53f68bd",
            "ingress": [
              {
                "action": "allow",
                "cidr_block": "",
                "from_port": 0,
                "icmp_code": null,
                "icmp_type": null,
                "ipv6_cidr_block": "::/0",
                "protocol": "-1",
                "rule_no": 101,
                "to_port": 0
              },
              {
                "action": "allow",
                "cidr_block": "0.0.0.0/0",
                "from_port": 0,
                "icmp_code": null,
                "icmp_type": null,
                "ipv6_cidr_block": "",
                "protocol": "-1",
                "rule_no": 100,
                "to_port": 0
              }
            ],
            "owner_id": "365165252715",
            "region": "us-east-1",
            "subnet_ids": [
              "subnet-03ea06e62cb7ebe15",
              "subnet-057f11453e5d5d92d",
              "subnet-0727beb438b5ac0fd",
              "subnet-0f6243b6c128148e5"
            ],
            "tags": {
              "Name": "myapp-vpc-dev-default"
            },
            "tags_all": {
              "Name": "myapp-vpc-dev-default"
            },
            "vpc_id": "vpc-04d9251bfeebfea3a"
          },
          "sensitive_attributes": [],
          "identity_schema_version": 0,
          "private": "bnVsbA==",
          "dependencies": [
            "module.vpc.aws_vpc.this"
          ]
        }
      ]
    },
    {
      "module": "module.vpc",
      "mode": "managed",
      "type": "aws_default_route_table",
      "name": "default",
      "provider": "provider[\"registry.terraform.io/hashicorp/aws\"]",
      "instances": [
        {
          "index_key": 0,
          "schema_version": 0,
          "attributes": {
            "arn": "arn:aws:ec2:us-east-1:365165252715:route-table/rtb-020a90f045f0531f6",
            "default_route_table_id": "rtb-020a90f045f0531f6",
            "id": "rtb-020a90f045f0531f6",
            "owner_id": "365165252715",
            "propagating_vgws": null,
            "region": "us-east-1",
            "route": [],
            "tags": {
              "Name": "myapp-vpc-dev-default"
            },
            "tags_all": {
              "Name": "myapp-vpc-dev-default"
            },
            "timeouts": {
              "create": "5m",
              "update": "5m"
            },
            "vpc_id": "vpc-04d9251bfeebfea3a"
          },
          "sensitive_attributes": [],
          "identity_schema_version": 0,
          "private": "eyJlMmJmYjczMC1lY2FhLTExZTYtOGY4OC0zNDM2M2JjN2M0YzAiOnsiY3JlYXRlIjozMDAwMDAwMDAwMDAsInVwZGF0ZSI6MzAwMDAwMDAwMDAwfX0=",
          "dependencies": [
            "module.vpc.aws_vpc.this"
          ]
        }
      ]
    },
    {
      "module": "module.vpc",
      "mode": "managed",
      "type": "aws_default_security_group",
      "name": "this",
      "provider": "provider[\"registry.terraform.io/hashicorp/aws\"]",
      "instances": [
        {
          "index_key": 0,
          "schema_version": 1,
          "attributes": {
            "arn": "arn:aws:ec2:us-east-1:365165252715:security-group/sg-00298a9b1f719c964",
            "description": "default VPC security group",
            "egress": [],
            "id": "sg-00298a9b1f719c964",
            "ingress": [],
            "name": "default",
            "name_prefix": "",
            "owner_id": "365165252715",
            "region": "us-east-1",
            "revoke_rules_on_delete": false,
            "tags": {
              "Name": "myapp-vpc-dev-default"
            },
            "tags_all": {
              "Name": "myapp-vpc-dev-default"
            },
            "vpc_id": "vpc-04d9251bfeebfea3a"
          },
          "sensitive_attributes": [],
          "identity_schema_version": 0,
          "private": "eyJzY2hlbWFfdmVyc2lvbiI6IjEifQ==",
          "dependencies": [
            "module.vpc.aws_vpc.this"
          ]
        }
      ]
    },
    {
      "module": "module.vpc",
      "mode": "managed",
      "type": "aws_eip",
      "name": "nat",
      "provider": "provider[\"registry.terraform.io/hashicorp/aws\"]",
      "instances": [
        {
          "index_key": 0,
          "schema_version": 0,
          "attributes": {
            "address": null,
            "allocation_id": "eipalloc-06d649487fa693466",
            "arn": "arn:aws:ec2:us-east-1:365165252715:elastic-ip/eipalloc-06d649487fa693466",
            "associate_with_private_ip": null,
            "association_id": "",
            "carrier_ip": "",
            "customer_owned_ip": "",
            "customer_owned_ipv4_pool": "",
            "domain": "vpc",
            "id": "eipalloc-06d649487fa693466",
            "instance": "",
            "ipam_pool_id": null,
            "network_border_group": "us-east-1",
            "network_interface": "",
            "private_dns": null,
            "private_ip": "",
            "ptr_record": "",
            "public_dns": "ec2-34-196-30-202.compute-1.amazonaws.com",
            "public_ip": "34.196.30.202",
            "public_ipv4_pool": "amazon",
            "region": "us-east-1",
            "tags": {
              "Name": "myapp-vpc-dev-us-east-1a"
            },
            "tags_all": {
              "Name": "myapp-vpc-dev-us-east-1a"
            },
            "timeouts": null
          },
          "sensitive_attributes": [],
          "identity_schema_version": 0,
          "private": "eyJlMmJmYjczMC1lY2FhLTExZTYtOGY4OC0zNDM2M2JjN2M0YzAiOnsiZGVsZXRlIjoxODAwMDAwMDAwMDAsInJlYWQiOjkwMDAwMDAwMDAwMCwidXBkYXRlIjozMDAwMDAwMDAwMDB9fQ==",
          "dependencies": [
            "module.vpc.aws_internet_gateway.this",
            "module.vpc.aws_vpc.this",
            "module.vpc.aws_vpc_ipv4_cidr_block_association.this"
          ]
        }
      ]
    },
    {
      "module": "module.vpc",
      "mode": "managed",
      "type": "aws_internet_gateway",
      "name": "this",
      "provider": "provider[\"registry.terraform.io/hashicorp/aws\"]",
      "instances": [
        {
          "index_key": 0,
          "schema_version": 0,
          "attributes": {
            "arn": "arn:aws:ec2:us-east-1:365165252715:internet-gateway/igw-0c5fb13d613b2877d",
            "id": "igw-0c5fb13d613b2877d",
            "owner_id": "365165252715",
            "region": "us-east-1",
            "tags": {
              "Name": "myapp-vpc-dev"
            },
            "tags_all": {
              "Name": "myapp-vpc-dev"
            },
            "timeouts": null,
            "vpc_id": "vpc-04d9251bfeebfea3a"
          },
          "sensitive_attributes": [],
          "identity_schema_version": 0,
          "private": "eyJlMmJmYjczMC1lY2FhLTExZTYtOGY4OC0zNDM2M2JjN2M0YzAiOnsiY3JlYXRlIjoxMjAwMDAwMDAwMDAwLCJkZWxldGUiOjEyMDAwMDAwMDAwMDAsInVwZGF0ZSI6MTIwMDAwMDAwMDAwMH19",
          "dependencies": [
            "module.vpc.aws_vpc.this",
            "module.vpc.aws_vpc_ipv4_cidr_block_association.this"
          ]
        }
      ]
    },
    {
      "module": "module.vpc",
      "mode": "managed",
      "type": "aws_nat_gateway",
      "name": "this",
      "provider": "provider[\"registry.terraform.io/hashicorp/aws\"]",
      "instances": [
        {
          "index_key": 0,
          "schema_version": 0,
          "attributes": {
            "allocation_id": "eipalloc-06d649487fa693466",
            "association_id": "eipassoc-024b04752c3241e6b",
            "connectivity_type": "public",
            "id": "nat-0d654373f8b0a395e",
            "network_interface_id": "eni-0a1bcb933dbf06602",
            "private_ip": "10.0.101.78",
            "public_ip": "34.196.30.202",
            "region": "us-east-1",
            "secondary_allocation_ids": [],
            "secondary_private_ip_address_count": 0,
            "secondary_private_ip_addresses": [],
            "subnet_id": "subnet-057f11453e5d5d92d",
            "tags": {
              "Name": "myapp-vpc-dev-us-east-1a"
            },
            "tags_all": {
              "Name": "myapp-vpc-dev-us-east-1a"
            },
            "timeouts": null
          },
          "sensitive_attributes": [],
          "identity_schema_version": 0,
          "private": "eyJlMmJmYjczMC1lY2FhLTExZTYtOGY4OC0zNDM2M2JjN2M0YzAiOnsiY3JlYXRlIjo2MDAwMDAwMDAwMDAsImRlbGV0ZSI6MTgwMDAwMDAwMDAwMCwidXBkYXRlIjo2MDAwMDAwMDAwMDB9fQ==",
          "dependencies": [
            "module.vpc.aws_eip.nat",
            "module.vpc.aws_internet_gateway.this",
            "module.vpc.aws_subnet.public",
            "module.vpc.aws_vpc.this",
            "module.vpc.aws_vpc_ipv4_cidr_block_association.this"
          ]
        }
      ]
    },
    {
      "module": "module.vpc",
      "mode": "managed",
      "type": "aws_route",
      "name": "private_nat_gateway",
      "provider": "provider[\"registry.terraform.io/hashicorp/aws\"]",
      "instances": [
        {
          "index_key": 0,
          "schema_version": 0,
          "attributes": {
            "carrier_gateway_id": "",
            "core_network_arn": "",
            "destination_cidr_block": "0.0.0.0/0",
            "destination_ipv6_cidr_block": "",
            "destination_prefix_list_id": "",
            "egress_only_gateway_id": "",
            "gateway_id": "",
            "id": "r-rtb-0da56d5466fcdf26a1080289494",
            "instance_id": "",
            "instance_owner_id": "",
            "local_gateway_id": "",
            "nat_gateway_id": "nat-0d654373f8b0a395e",
            "network_interface_id": "",
            "origin": "CreateRoute",
            "region": "us-east-1",
            "route_table_id": "rtb-0da56d5466fcdf26a",
            "state": "active",
            "timeouts": {
              "create": "5m",
              "delete": null,
              "update": null
            },
            "transit_gateway_id": "",
            "vpc_endpoint_id": "",
            "vpc_peering_connection_id": ""
          },
          "sensitive_attributes": [],
          "identity_schema_version": 0,
          "identity": {
            "account_id": "365165252715",
            "destination_cidr_block": "0.0.0.0/0",
            "destination_ipv6_cidr_block": null,
            "destination_prefix_list_id": null,
            "region": "us-east-1",
            "route_table_id": "rtb-0da56d5466fcdf26a"
          },
          "private": "eyJlMmJmYjczMC1lY2FhLTExZTYtOGY4OC0zNDM2M2JjN2M0YzAiOnsiY3JlYXRlIjozMDAwMDAwMDAwMDAsImRlbGV0ZSI6MzAwMDAwMDAwMDAwLCJ1cGRhdGUiOjEyMDAwMDAwMDAwMH19",
          "dependencies": [
            "module.vpc.aws_eip.nat",
            "module.vpc.aws_internet_gateway.this",
            "module.vpc.aws_nat_gateway.this",
            "module.vpc.aws_route_table.private",
            "module.vpc.aws_subnet.public",
            "module.vpc.aws_vpc.this",
            "module.vpc.aws_vpc_ipv4_cidr_block_association.this"
          ]
        }
      ]
    },
    {
      "module": "module.vpc",
      "mode": "managed",
      "type": "aws_route",
      "name": "public_internet_gateway",
      "provider": "provider[\"registry.terraform.io/hashicorp/aws\"]",
      "instances": [
        {
          "index_key": 0,
          "schema_version": 0,
          "attributes": {
            "carrier_gateway_id": "",
            "core_network_arn": "",
            "destination_cidr_block": "0.0.0.0/0",
            "destination_ipv6_cidr_block": "",
            "destination_prefix_list_id": "",
            "egress_only_gateway_id": "",
            "gateway_id": "igw-0c5fb13d613b2877d",
            "id": "r-rtb-038e69fae9b9d42091080289494",
            "instance_id": "",
            "instance_owner_id": "",
            "local_gateway_id": "",
            "nat_gateway_id": "",
            "network_interface_id": "",
            "origin": "CreateRoute",
            "region": "us-east-1",
            "route_table_id": "rtb-038e69fae9b9d4209",
            "state": "active",
            "timeouts": {
              "create": "5m",
              "delete": null,
              "update": null
            },
            "transit_gateway_id": "",
            "vpc_endpoint_id": "",
            "vpc_peering_connection_id": ""
          },
          "sensitive_attributes": [],
          "identity_schema_version": 0,
          "identity": {
            "account_id": "365165252715",
            "destination_cidr_block": "0.0.0.0/0",
            "destination_ipv6_cidr_block": null,
            "destination_prefix_list_id": null,
            "region": "us-east-1",
            "route_table_id": "rtb-038e69fae9b9d4209"
          },
          "private": "eyJlMmJmYjczMC1lY2FhLTExZTYtOGY4OC0zNDM2M2JjN2M0YzAiOnsiY3JlYXRlIjozMDAwMDAwMDAwMDAsImRlbGV0ZSI6MzAwMDAwMDAwMDAwLCJ1cGRhdGUiOjEyMDAwMDAwMDAwMH19",
          "dependencies": [
            "module.vpc.aws_internet_gateway.this",
            "module.vpc.aws_route_table.public",
            "module.vpc.aws_vpc.this",
            "module.vpc.aws_vpc_ipv4_cidr_block_association.this"
          ]
        }
      ]
    },
    {
      "module": "module.vpc",
      "mode": "managed",
      "type": "aws_route_table",
      "name": "private",
      "provider": "provider[\"registry.terraform.io/hashicorp/aws\"]",
      "instances": [
        {
          "index_key": 0,
          "schema_version": 0,
          "attributes": {
            "arn": "arn:aws:ec2:us-east-1:365165252715:route-table/rtb-0da56d5466fcdf26a",
            "id": "rtb-0da56d5466fcdf26a",
            "owner_id": "365165252715",
            "propagating_vgws": [],
            "region": "us-east-1",
            "route": [],
            "tags": {
              "Name": "myapp-vpc-dev-private"
            },
            "tags_all": {
              "Name": "myapp-vpc-dev-private"
            },
            "timeouts": null,
            "vpc_id": "vpc-04d9251bfeebfea3a"
          },
          "sensitive_attributes": [],
          "identity_schema_version": 0,
          "identity": {
            "account_id": "365165252715",
            "id": "rtb-0da56d5466fcdf26a",
            "region": "us-east-1"
          },
          "private": "eyJlMmJmYjczMC1lY2FhLTExZTYtOGY4OC0zNDM2M2JjN2M0YzAiOnsiY3JlYXRlIjozMDAwMDAwMDAwMDAsImRlbGV0ZSI6MzAwMDAwMDAwMDAwLCJ1cGRhdGUiOjEyMDAwMDAwMDAwMH19",
          "dependencies": [
            "module.vpc.aws_vpc.this",
            "module.vpc.aws_vpc_ipv4_cidr_block_association.this"
          ]
        }
      ]
    },
    {
      "module": "module.vpc",
      "mode": "managed",
      "type": "aws_route_table",
      "name": "public",
      "provider": "provider[\"registry.terraform.io/hashicorp/aws\"]",
      "instances": [
        {
          "index_key": 0,
          "schema_version": 0,
          "attributes": {
            "arn": "arn:aws:ec2:us-east-1:365165252715:route-table/rtb-038e69fae9b9d4209",
            "id": "rtb-038e69fae9b9d4209",
            "owner_id": "365165252715",
            "propagating_vgws": [],
            "region": "us-east-1",
            "route": [],
            "tags": {
              "Name": "myapp-vpc-dev-public"
            },
            "tags_all": {
              "Name": "myapp-vpc-dev-public"
            },
            "timeouts": null,
            "vpc_id": "vpc-04d9251bfeebfea3a"
          },
          "sensitive_attributes": [],
          "identity_schema_version": 0,
          "identity": {
            "account_id": "365165252715",
            "id": "rtb-038e69fae9b9d4209",
            "region": "us-east-1"
          },
          "private": "eyJlMmJmYjczMC1lY2FhLTExZTYtOGY4OC0zNDM2M2JjN2M0YzAiOnsiY3JlYXRlIjozMDAwMDAwMDAwMDAsImRlbGV0ZSI6MzAwMDAwMDAwMDAwLCJ1cGRhdGUiOjEyMDAwMDAwMDAwMH19",
          "dependencies": [
            "module.vpc.aws_vpc.this",
            "module.vpc.aws_vpc_ipv4_cidr_block_association.this"
          ]
        }
      ]
    },
    {
      "module": "module.vpc",
      "mode": "managed",
      "type": "aws_route_table_association",
      "name": "private",
      "provider": "provider[\"registry.terraform.io/hashicorp/aws\"]",
      "instances": [
        {
          "index_key": 0,
          "schema_version": 0,
          "attributes": {
            "gateway_id": "",
            "id": "rtbassoc-05015629383218261",
            "region": "us-east-1",
            "route_table_id": "rtb-0da56d5466fcdf26a",
            "subnet_id": "subnet-0727beb438b5ac0fd",
            "timeouts": null
          },
          "sensitive_attributes": [],
          "identity_schema_version": 0,
          "private": "eyJlMmJmYjczMC1lY2FhLTExZTYtOGY4OC0zNDM2M2JjN2M0YzAiOnsiY3JlYXRlIjozMDAwMDAwMDAwMDAsImRlbGV0ZSI6MzAwMDAwMDAwMDAwLCJ1cGRhdGUiOjEyMDAwMDAwMDAwMH19",
          "dependencies": [
            "module.vpc.aws_route_table.private",
            "module.vpc.aws_subnet.private",
            "module.vpc.aws_vpc.this",
            "module.vpc.aws_vpc_ipv4_cidr_block_association.this"
          ]
        },
        {
          "index_key": 1,
          "schema_version": 0,
          "attributes": {
            "gateway_id": "",
            "id": "rtbassoc-0a4151fe31e57e8b3",
            "region": "us-east-1",
            "route_table_id": "rtb-0da56d5466fcdf26a",
            "subnet_id": "subnet-0f6243b6c128148e5",
            "timeouts": null
          },
          "sensitive_attributes": [],
          "identity_schema_version": 0,
          "private": "eyJlMmJmYjczMC1lY2FhLTExZTYtOGY4OC0zNDM2M2JjN2M0YzAiOnsiY3JlYXRlIjozMDAwMDAwMDAwMDAsImRlbGV0ZSI6MzAwMDAwMDAwMDAwLCJ1cGRhdGUiOjEyMDAwMDAwMDAwMH19",
          "dependencies": [
            "module.vpc.aws_route_table.private",
            "module.vpc.aws_subnet.private",
            "module.vpc.aws_vpc.this",
            "module.vpc.aws_vpc_ipv4_cidr_block_association.this"
          ]
        }
      ]
    },
    {
      "module": "module.vpc",
      "mode": "managed",
      "type": "aws_route_table_association",
      "name": "public",
      "provider": "provider[\"registry.terraform.io/hashicorp/aws\"]",
      "instances": [
        {
          "index_key": 0,
          "schema_version": 0,
          "attributes": {
            "gateway_id": "",
            "id": "rtbassoc-0d170e2820bc530a7",
            "region": "us-east-1",
            "route_table_id": "rtb-038e69fae9b9d4209",
            "subnet_id": "subnet-057f11453e5d5d92d",
            "timeouts": null
          },
          "sensitive_attributes": [],
          "identity_schema_version": 0,
          "private": "eyJlMmJmYjczMC1lY2FhLTExZTYtOGY4OC0zNDM2M2JjN2M0YzAiOnsiY3JlYXRlIjozMDAwMDAwMDAwMDAsImRlbGV0ZSI6MzAwMDAwMDAwMDAwLCJ1cGRhdGUiOjEyMDAwMDAwMDAwMH19",
          "dependencies": [
            "module.vpc.aws_route_table.public",
            "module.vpc.aws_subnet.public",
            "module.vpc.aws_vpc.this",
            "module.vpc.aws_vpc_ipv4_cidr_block_association.this"
          ]
        },
        {
          "index_key": 1,
          "schema_version": 0,
          "attributes": {
            "gateway_id": "",
            "id": "rtbassoc-0e9b5faef90e7f232",
            "region": "us-east-1",
            "route_table_id": "rtb-038e69fae9b9d4209",
            "subnet_id": "subnet-03ea06e62cb7ebe15",
            "timeouts": null
          },
          "sensitive_attributes": [],
          "identity_schema_version": 0,
          "private": "eyJlMmJmYjczMC1lY2FhLTExZTYtOGY4OC0zNDM2M2JjN2M0YzAiOnsiY3JlYXRlIjozMDAwMDAwMDAwMDAsImRlbGV0ZSI6MzAwMDAwMDAwMDAwLCJ1cGRhdGUiOjEyMDAwMDAwMDAwMH19",
          "dependencies": [
            "module.vpc.aws_route_table.public",
            "module.vpc.aws_subnet.public",
            "module.vpc.aws_vpc.this",
            "module.vpc.aws_vpc_ipv4_cidr_block_association.this"
          ]
        }
      ]
    },
    {
      "module": "module.vpc",
      "mode": "managed",
      "type": "aws_subnet",
      "name": "private",
      "provider": "provider[\"registry.terraform.io/hashicorp/aws\"]",
      "instances": [
        {
          "index_key": 0,
          "schema_version": 1,
          "attributes": {
            "arn": "arn:aws:ec2:us-east-1:365165252715:subnet/subnet-0727beb438b5ac0fd",
            "assign_ipv6_address_on_creation": false,
            "availability_zone": "us-east-1a",
            "availability_zone_id": "use1-az4",
            "cidr_block": "10.0.1.0/24",
            "customer_owned_ipv4_pool": "",
            "enable_dns64": false,
            "enable_lni_at_device_index": 0,
            "enable_resource_name_dns_a_record_on_launch": false,
            "enable_resource_name_dns_aaaa_record_on_launch": false,
            "id": "subnet-0727beb438b5ac0fd",
            "ipv6_cidr_block": "",
            "ipv6_cidr_block_association_id": "",
            "ipv6_native": false,
            "map_customer_owned_ip_on_launch": false,
            "map_public_ip_on_launch": false,
            "outpost_arn": "",
            "owner_id": "365165252715",
            "private_dns_hostname_type_on_launch": "ip-name",
            "region": "us-east-1",
            "tags": {
              "Name": "myapp-vpc-dev-private-us-east-1a"
            },
            "tags_all": {
              "Name": "myapp-vpc-dev-private-us-east-1a"
            },
            "timeouts": null,
            "vpc_id": "vpc-04d9251bfeebfea3a"
          },
          "sensitive_attributes": [],
          "identity_schema_version": 0,
          "identity": {
            "account_id": "365165252715",
            "id": "subnet-0727beb438b5ac0fd",
            "region": "us-east-1"
          },
          "private": "eyJlMmJmYjczMC1lY2FhLTExZTYtOGY4OC0zNDM2M2JjN2M0YzAiOnsiY3JlYXRlIjo2MDAwMDAwMDAwMDAsImRlbGV0ZSI6MTIwMDAwMDAwMDAwMH0sInNjaGVtYV92ZXJzaW9uIjoiMSJ9",
          "dependencies": [
            "module.vpc.aws_vpc.this",
            "module.vpc.aws_vpc_ipv4_cidr_block_association.this"
          ],
          "create_before_destroy": true
        },
        {
          "index_key": 1,
          "schema_version": 1,
          "attributes": {
            "arn": "arn:aws:ec2:us-east-1:365165252715:subnet/subnet-0f6243b6c128148e5",
            "assign_ipv6_address_on_creation": false,
            "availability_zone": "us-east-1b",
            "availability_zone_id": "use1-az6",
            "cidr_block": "10.0.2.0/24",
            "customer_owned_ipv4_pool": "",
            "enable_dns64": false,
            "enable_lni_at_device_index": 0,
            "enable_resource_name_dns_a_record_on_launch": false,
            "enable_resource_name_dns_aaaa_record_on_launch": false,
            "id": "subnet-0f6243b6c128148e5",
            "ipv6_cidr_block": "",
            "ipv6_cidr_block_association_id": "",
            "ipv6_native": false,
            "map_customer_owned_ip_on_launch": false,
            "map_public_ip_on_launch": false,
            "outpost_arn": "",
            "owner_id": "365165252715",
            "private_dns_hostname_type_on_launch": "ip-name",
            "region": "us-east-1",
            "tags": {
              "Name": "myapp-vpc-dev-private-us-east-1b"
            },
            "tags_all": {
              "Name": "myapp-vpc-dev-private-us-east-1b"
            },
            "timeouts": null,
            "vpc_id": "vpc-04d9251bfeebfea3a"
          },
          "sensitive_attributes": [],
          "identity_schema_version": 0,
          "identity": {
            "account_id": "365165252715",
            "id": "subnet-0f6243b6c128148e5",
            "region": "us-east-1"
          },
          "private": "eyJlMmJmYjczMC1lY2FhLTExZTYtOGY4OC0zNDM2M2JjN2M0YzAiOnsiY3JlYXRlIjo2MDAwMDAwMDAwMDAsImRlbGV0ZSI6MTIwMDAwMDAwMDAwMH0sInNjaGVtYV92ZXJzaW9uIjoiMSJ9",
          "dependencies": [
            "module.vpc.aws_vpc.this",
            "module.vpc.aws_vpc_ipv4_cidr_block_association.this"
          ],
          "create_before_destroy": true
        }
      ]
    },
    {
      "module": "module.vpc",
      "mode": "managed",
      "type": "aws_subnet",
      "name": "public",
      "provider": "provider[\"registry.terraform.io/hashicorp/aws\"]",
      "instances": [
        {
          "index_key": 0,
          "schema_version": 1,
          "attributes": {
            "arn": "arn:aws:ec2:us-east-1:365165252715:subnet/subnet-057f11453e5d5d92d",
            "assign_ipv6_address_on_creation": false,
            "availability_zone": "us-east-1a",
            "availability_zone_id": "use1-az4",
            "cidr_block": "10.0.101.0/24",
            "customer_owned_ipv4_pool": "",
            "enable_dns64": false,
            "enable_lni_at_device_index": 0,
            "enable_resource_name_dns_a_record_on_launch": false,
            "enable_resource_name_dns_aaaa_record_on_launch": false,
            "id": "subnet-057f11453e5d5d92d",
            "ipv6_cidr_block": "",
            "ipv6_cidr_block_association_id": "",
            "ipv6_native": false,
            "map_customer_owned_ip_on_launch": false,
            "map_public_ip_on_launch": false,
            "outpost_arn": "",
            "owner_id": "365165252715",
            "private_dns_hostname_type_on_launch": "ip-name",
            "region": "us-east-1",
            "tags": {
              "Name": "myapp-vpc-dev-public-us-east-1a"
            },
            "tags_all": {
              "Name": "myapp-vpc-dev-public-us-east-1a"
            },
            "timeouts": null,
            "vpc_id": "vpc-04d9251bfeebfea3a"
          },
          "sensitive_attributes": [],
          "identity_schema_version": 0,
          "identity": {
            "account_id": "365165252715",
            "id": "subnet-057f11453e5d5d92d",
            "region": "us-east-1"
          },
          "private": "eyJlMmJmYjczMC1lY2FhLTExZTYtOGY4OC0zNDM2M2JjN2M0YzAiOnsiY3JlYXRlIjo2MDAwMDAwMDAwMDAsImRlbGV0ZSI6MTIwMDAwMDAwMDAwMH0sInNjaGVtYV92ZXJzaW9uIjoiMSJ9",
          "dependencies": [
            "module.vpc.aws_vpc.this",
            "module.vpc.aws_vpc_ipv4_cidr_block_association.this"
          ]
        },
        {
          "index_key": 1,
          "schema_version": 1,
          "attributes": {
            "arn": "arn:aws:ec2:us-east-1:365165252715:subnet/subnet-03ea06e62cb7ebe15",
            "assign_ipv6_address_on_creation": false,
            "availability_zone": "us-east-1b",
            "availability_zone_id": "use1-az6",
            "cidr_block": "10.0.102.0/24",
            "customer_owned_ipv4_pool": "",
            "enable_dns64": false,
            "enable_lni_at_device_index": 0,
            "enable_resource_name_dns_a_record_on_launch": false,
            "enable_resource_name_dns_aaaa_record_on_launch": false,
            "id": "subnet-03ea06e62cb7ebe15",
            "ipv6_cidr_block": "",
            "ipv6_cidr_block_association_id": "",
            "ipv6_native": false,
            "map_customer_owned_ip_on_launch": false,
            "map_public_ip_on_launch": false,
            "outpost_arn": "",
            "owner_id": "365165252715",
            "private_dns_hostname_type_on_launch": "ip-name",
            "region": "us-east-1",
            "tags": {
              "Name": "myapp-vpc-dev-public-us-east-1b"
            },
            "tags_all": {
              "Name": "myapp-vpc-dev-public-us-east-1b"
            },
            "timeouts": null,
            "vpc_id": "vpc-04d9251bfeebfea3a"
          },
          "sensitive_attributes": [],
          "identity_schema_version": 0,
          "identity": {
            "account_id": "365165252715",
            "id": "subnet-03ea06e62cb7ebe15",
            "region": "us-east-1"
          },
          "private": "eyJlMmJmYjczMC1lY2FhLTExZTYtOGY4OC0zNDM2M2JjN2M0YzAiOnsiY3JlYXRlIjo2MDAwMDAwMDAwMDAsImRlbGV0ZSI6MTIwMDAwMDAwMDAwMH0sInNjaGVtYV92ZXJzaW9uIjoiMSJ9",
          "dependencies": [
            "module.vpc.aws_vpc.this",
            "module.vpc.aws_vpc_ipv4_cidr_block_association.this"
          ]
        }
      ]
    },
    {
      "module": "module.vpc",
      "mode": "managed",
      "type": "aws_vpc",
      "name": "this",
      "provider": "provider[\"registry.terraform.io/hashicorp/aws\"]",
      "instances": [
        {
          "index_key": 0,
          "schema_version": 1,
          "attributes": {
            "arn": "arn:aws:ec2:us-east-1:365165252715:vpc/vpc-04d9251bfeebfea3a",
            "assign_generated_ipv6_cidr_block": false,
            "cidr_block": "10.0.0.0/16",
            "default_network_acl_id": "acl-0442ea01bc53f68bd",
            "default_route_table_id": "rtb-020a90f045f0531f6",
            "default_security_group_id": "sg-00298a9b1f719c964",
            "dhcp_options_id": "dopt-019c95fef66553a77",
            "enable_dns_hostnames": true,
            "enable_dns_support": true,
            "enable_network_address_usage_metrics": false,
            "id": "vpc-04d9251bfeebfea3a",
            "instance_tenancy": "default",
            "ipv4_ipam_pool_id": null,
            "ipv4_netmask_length": null,
            "ipv6_association_id": "",
            "ipv6_cidr_block": "",
            "ipv6_cidr_block_network_border_group": "",
            "ipv6_ipam_pool_id": "",
            "ipv6_netmask_length": 0,
            "main_route_table_id": "rtb-020a90f045f0531f6",
            "owner_id": "365165252715",
            "region": "us-east-1",
            "tags": {
              "Name": "myapp-vpc-dev"
            },
            "tags_all": {
              "Name": "myapp-vpc-dev"
            }
          },
          "sensitive_attributes": [],
          "identity_schema_version": 0,
          "identity": {
            "account_id": "365165252715",
            "id": "vpc-04d9251bfeebfea3a",
            "region": "us-east-1"
          },
          "private": "eyJzY2hlbWFfdmVyc2lvbiI6IjEifQ==",
          "create_before_destroy": true
        }
      ]
    }
  ],
  "check_results": null
}
